// !$*UTF8*$!
{
	archiveVersion = 1;
	classes = {
	};
	objectVersion = 46;
	objects = {

/* Begin PBXBuildFile section */
		574954EB1E3F1F04003E22DC /* AppDelegate.swift in Sources */ = {isa = PBXBuildFile; fileRef = 574954EA1E3F1F04003E22DC /* AppDelegate.swift */; };
		574954ED1E3F1F04003E22DC /* ViewController.swift in Sources */ = {isa = PBXBuildFile; fileRef = 574954EC1E3F1F04003E22DC /* ViewController.swift */; };
		574954F01E3F1F04003E22DC /* Main.storyboard in Resources */ = {isa = PBXBuildFile; fileRef = 574954EE1E3F1F04003E22DC /* Main.storyboard */; };
		574954F21E3F1F04003E22DC /* Assets.xcassets in Resources */ = {isa = PBXBuildFile; fileRef = 574954F11E3F1F04003E22DC /* Assets.xcassets */; };
		574954F51E3F1F04003E22DC /* LaunchScreen.storyboard in Resources */ = {isa = PBXBuildFile; fileRef = 574954F31E3F1F04003E22DC /* LaunchScreen.storyboard */; };
		574955001E3F1F04003E22DC /* FoodTrackerTests.swift in Sources */ = {isa = PBXBuildFile; fileRef = 574954FF1E3F1F04003E22DC /* FoodTrackerTests.swift */; };
		5749550B1E3FA051003E22DC /* RatingControl.swift in Sources */ = {isa = PBXBuildFile; fileRef = 5749550A1E3FA051003E22DC /* RatingControl.swift */; };
/* End PBXBuildFile section */

/* Begin PBXContainerItemProxy section */
		574954FC1E3F1F04003E22DC /* PBXContainerItemProxy */ = {
			isa = PBXContainerItemProxy;
			containerPortal = 574954DF1E3F1F04003E22DC /* Project object */;
			proxyType = 1;
			remoteGlobalIDString = 574954E61E3F1F04003E22DC;
			remoteInfo = FoodTracker;
		};
/* End PBXContainerItemProxy section */

/* Begin PBXFileReference section */
		574954E71E3F1F04003E22DC /* FoodTracker.app */ = {isa = PBXFileReference; explicitFileType = wrapper.application; includeInIndex = 0; path = FoodTracker.app; sourceTree = BUILT_PRODUCTS_DIR; };
		574954EA1E3F1F04003E22DC /* AppDelegate.swift */ = {isa = PBXFileReference; lastKnownFileType = sourcecode.swift; path = AppDelegate.swift; sourceTree = "<group>"; };
		574954EC1E3F1F04003E22DC /* ViewController.swift */ = {isa = PBXFileReference; lastKnownFileType = sourcecode.swift; path = ViewController.swift; sourceTree = "<group>"; };
		574954EF1E3F1F04003E22DC /* Base */ = {isa = PBXFileReference; lastKnownFileType = file.storyboard; name = Base; path = Base.lproj/Main.storyboard; sourceTree = "<group>"; };
		574954F11E3F1F04003E22DC /* Assets.xcassets */ = {isa = PBXFileReference; lastKnownFileType = folder.assetcatalog; path = Assets.xcassets; sourceTree = "<group>"; };
		574954F41E3F1F04003E22DC /* Base */ = {isa = PBXFileReference; lastKnownFileType = file.storyboard; name = Base; path = Base.lproj/LaunchScreen.storyboard; sourceTree = "<group>"; };
		574954F61E3F1F04003E22DC /* Info.plist */ = {isa = PBXFileReference; lastKnownFileType = text.plist.xml; path = Info.plist; sourceTree = "<group>"; };
		574954FB1E3F1F04003E22DC /* FoodTrackerTests.xctest */ = {isa = PBXFileReference; explicitFileType = wrapper.cfbundle; includeInIndex = 0; path = FoodTrackerTests.xctest; sourceTree = BUILT_PRODUCTS_DIR; };
		574954FF1E3F1F04003E22DC /* FoodTrackerTests.swift */ = {isa = PBXFileReference; lastKnownFileType = sourcecode.swift; path = FoodTrackerTests.swift; sourceTree = "<group>"; };
		574955011E3F1F04003E22DC /* Info.plist */ = {isa = PBXFileReference; lastKnownFileType = text.plist.xml; path = Info.plist; sourceTree = "<group>"; };
		5749550A1E3FA051003E22DC /* RatingControl.swift */ = {isa = PBXFileReference; fileEncoding = 4; lastKnownFileType = sourcecode.swift; path = RatingControl.swift; sourceTree = "<group>"; };
/* End PBXFileReference section */

/* Begin PBXFrameworksBuildPhase section */
		574954E41E3F1F04003E22DC /* Frameworks */ = {
			isa = PBXFrameworksBuildPhase;
			buildActionMask = 2147483647;
			files = (
			);
			runOnlyForDeploymentPostprocessing = 0;
		};
		574954F81E3F1F04003E22DC /* Frameworks */ = {
			isa = PBXFrameworksBuildPhase;
			buildActionMask = 2147483647;
			files = (
			);
			runOnlyForDeploymentPostprocessing = 0;
		};
/* End PBXFrameworksBuildPhase section */

/* Begin PBXGroup section */
		574954DE1E3F1F04003E22DC = {
			isa = PBXGroup;
			children = (
				574954E91E3F1F04003E22DC /* FoodTracker */,
				574954FE1E3F1F04003E22DC /* FoodTrackerTests */,
				574954E81E3F1F04003E22DC /* Products */,
			);
			sourceTree = "<group>";
		};
		574954E81E3F1F04003E22DC /* Products */ = {
			isa = PBXGroup;
			children = (
				574954E71E3F1F04003E22DC /* FoodTracker.app */,
				574954FB1E3F1F04003E22DC /* FoodTrackerTests.xctest */,
			);
			name = Products;
			sourceTree = "<group>";
		};
		574954E91E3F1F04003E22DC /* FoodTracker */ = {
			isa = PBXGroup;
			children = (
				574954EA1E3F1F04003E22DC /* AppDelegate.swift */,
				574954EC1E3F1F04003E22DC /* ViewController.swift */,
				5749550A1E3FA051003E22DC /* RatingControl.swift */,
				574954EE1E3F1F04003E22DC /* Main.storyboard */,
				574954F11E3F1F04003E22DC /* Assets.xcassets */,
				574954F31E3F1F04003E22DC /* LaunchScreen.storyboard */,
				574954F61E3F1F04003E22DC /* Info.plist */,
			);
			path = FoodTracker;
			sourceTree = "<group>";
		};
		574954FE1E3F1F04003E22DC /* FoodTrackerTests */ = {
			isa = PBXGroup;
			children = (
				574954FF1E3F1F04003E22DC /* FoodTrackerTests.swift */,
				574955011E3F1F04003E22DC /* Info.plist */,
			);
			path = FoodTrackerTests;
			sourceTree = "<group>";
		};
/* End PBXGroup section */

/* Begin PBXNativeTarget section */
		574954E61E3F1F04003E22DC /* FoodTracker */ = {
			isa = PBXNativeTarget;
			buildConfigurationList = 574955041E3F1F04003E22DC /* Build configuration list for PBXNativeTarget "FoodTracker" */;
			buildPhases = (
				574954E31E3F1F04003E22DC /* Sources */,
				574954E41E3F1F04003E22DC /* Frameworks */,
				574954E51E3F1F04003E22DC /* Resources */,
			);
			buildRules = (
			);
			dependencies = (
			);
			name = FoodTracker;
			productName = FoodTracker;
			productReference = 574954E71E3F1F04003E22DC /* FoodTracker.app */;
			productType = "com.apple.product-type.application";
		};
		574954FA1E3F1F04003E22DC /* FoodTrackerTests */ = {
			isa = PBXNativeTarget;
			buildConfigurationList = 574955071E3F1F04003E22DC /* Build configuration list for PBXNativeTarget "FoodTrackerTests" */;
			buildPhases = (
				574954F71E3F1F04003E22DC /* Sources */,
				574954F81E3F1F04003E22DC /* Frameworks */,
				574954F91E3F1F04003E22DC /* Resources */,
			);
			buildRules = (
			);
			dependencies = (
				574954FD1E3F1F04003E22DC /* PBXTargetDependency */,
			);
			name = FoodTrackerTests;
			productName = FoodTrackerTests;
			productReference = 574954FB1E3F1F04003E22DC /* FoodTrackerTests.xctest */;
			productType = "com.apple.product-type.bundle.unit-test";
		};
/* End PBXNativeTarget section */

/* Begin PBXProject section */
		574954DF1E3F1F04003E22DC /* Project object */ = {
			isa = PBXProject;
			attributes = {
				LastSwiftUpdateCheck = 0820;
				LastUpgradeCheck = 0820;
				ORGANIZATIONNAME = "Alex Fang";
				TargetAttributes = {
					574954E61E3F1F04003E22DC = {
						CreatedOnToolsVersion = 8.2.1;
						ProvisioningStyle = Automatic;
					};
					574954FA1E3F1F04003E22DC = {
						CreatedOnToolsVersion = 8.2.1;
						ProvisioningStyle = Automatic;
						TestTargetID = 574954E61E3F1F04003E22DC;
					};
				};
			};
			buildConfigurationList = 574954E21E3F1F04003E22DC /* Build configuration list for PBXProject "FoodTracker" */;
			compatibilityVersion = "Xcode 3.2";
			developmentRegion = English;
			hasScannedForEncodings = 0;
			knownRegions = (
				en,
				Base,
			);
			mainGroup = 574954DE1E3F1F04003E22DC;
			productRefGroup = 574954E81E3F1F04003E22DC /* Products */;
			projectDirPath = "";
			projectRoot = "";
			targets = (
				574954E61E3F1F04003E22DC /* FoodTracker */,
				574954FA1E3F1F04003E22DC /* FoodTrackerTests */,
			);
		};
/* End PBXProject section */

/* Begin PBXResourcesBuildPhase section */
		574954E51E3F1F04003E22DC /* Resources */ = {
			isa = PBXResourcesBuildPhase;
			buildActionMask = 2147483647;
			files = (
				574954F51E3F1F04003E22DC /* LaunchScreen.storyboard in Resources */,
				574954F21E3F1F04003E22DC /* Assets.xcassets in Resources */,
				574954F01E3F1F04003E22DC /* Main.storyboard in Resources */,
			);
			runOnlyForDeploymentPostprocessing = 0;
		};
		574954F91E3F1F04003E22DC /* Resources */ = {
			isa = PBXResourcesBuildPhase;
			buildActionMask = 2147483647;
			files = (
			);
			runOnlyForDeploymentPostprocessing = 0;
		};
/* End PBXResourcesBuildPhase section */

/* Begin PBXSourcesBuildPhase section */
		574954E31E3F1F04003E22DC /* Sources */ = {
			isa = PBXSourcesBuildPhase;
			buildActionMask = 2147483647;
			files = (
				574954ED1E3F1F04003E22DC /* ViewController.swift in Sources */,
				5749550B1E3FA051003E22DC /* RatingControl.swift in Sources */,
				574954EB1E3F1F04003E22DC /* AppDelegate.swift in Sources */,
			);
			runOnlyForDeploymentPostprocessing = 0;
		};
		574954F71E3F1F04003E22DC /* Sources */ = {
			isa = PBXSourcesBuildPhase;
			buildActionMask = 2147483647;
			files = (
				574955001E3F1F04003E22DC /* FoodTrackerTests.swift in Sources */,
			);
			runOnlyForDeploymentPostprocessing = 0;
		};
/* End PBXSourcesBuildPhase section */

/* Begin PBXTargetDependency section */
		574954FD1E3F1F04003E22DC /* PBXTargetDependency */ = {
			isa = PBXTargetDependency;
			target = 574954E61E3F1F04003E22DC /* FoodTracker */;
			targetProxy = 574954FC1E3F1F04003E22DC /* PBXContainerItemProxy */;
		};
/* End PBXTargetDependency section */

/* Begin PBXVariantGroup section */
		574954EE1E3F1F04003E22DC /* Main.storyboard */ = {
			isa = PBXVariantGroup;
			children = (
				574954EF1E3F1F04003E22DC /* Base */,
			);
			name = Main.storyboard;
			sourceTree = "<group>";
		};
		574954F31E3F1F04003E22DC /* LaunchScreen.storyboard */ = {
			isa = PBXVariantGroup;
			children = (
				574954F41E3F1F04003E22DC /* Base */,
			);
			name = LaunchScreen.storyboard;
			sourceTree = "<group>";
		};
/* End PBXVariantGroup section */

/* Begin XCBuildConfiguration section */
		574955021E3F1F04003E22DC /* Debug */ = {
			isa = XCBuildConfiguration;
			buildSettings = {
				ALWAYS_SEARCH_USER_PATHS = NO;
				CLANG_ANALYZER_NONNULL = YES;
				CLANG_CXX_LANGUAGE_STANDARD = "gnu++0x";
				CLANG_CXX_LIBRARY = "libc++";
				CLANG_ENABLE_MODULES = YES;
				CLANG_ENABLE_OBJC_ARC = YES;
				CLANG_WARN_BOOL_CONVERSION = YES;
				CLANG_WARN_CONSTANT_CONVERSION = YES;
				CLANG_WARN_DIRECT_OBJC_ISA_USAGE = YES_ERROR;
				CLANG_WARN_DOCUMENTATION_COMMENTS = YES;
				CLANG_WARN_EMPTY_BODY = YES;
				CLANG_WARN_ENUM_CONVERSION = YES;
				CLANG_WARN_INFINITE_RECURSION = YES;
				CLANG_WARN_INT_CONVERSION = YES;
				CLANG_WARN_OBJC_ROOT_CLASS = YES_ERROR;
				CLANG_WARN_SUSPICIOUS_MOVE = YES;
				CLANG_WARN_UNREACHABLE_CODE = YES;
				CLANG_WARN__DUPLICATE_METHOD_MATCH = YES;
				"CODE_SIGN_IDENTITY[sdk=iphoneos*]" = "iPhone Developer";
				COPY_PHASE_STRIP = NO;
				DEBUG_INFORMATION_FORMAT = dwarf;
				ENABLE_STRICT_OBJC_MSGSEND = YES;
				ENABLE_TESTABILITY = YES;
				GCC_C_LANGUAGE_STANDARD = gnu99;
				GCC_DYNAMIC_NO_PIC = NO;
				GCC_NO_COMMON_BLOCKS = YES;
				GCC_OPTIMIZATION_LEVEL = 0;
				GCC_PREPROCESSOR_DEFINITIONS = (
					"DEBUG=1",
					"$(inherited)",
				);
				GCC_WARN_64_TO_32_BIT_CONVERSION = YES;
				GCC_WARN_ABOUT_RETURN_TYPE = YES_ERROR;
				GCC_WARN_UNDECLARED_SELECTOR = YES;
				GCC_WARN_UNINITIALIZED_AUTOS = YES_AGGRESSIVE;
				GCC_WARN_UNUSED_FUNCTION = YES;
				GCC_WARN_UNUSED_VARIABLE = YES;
				IPHONEOS_DEPLOYMENT_TARGET = 10.2;
				MTL_ENABLE_DEBUG_INFO = YES;
				ONLY_ACTIVE_ARCH = YES;
				SDKROOT = iphoneos;
				SWIFT_ACTIVE_COMPILATION_CONDITIONS = DEBUG;
				SWIFT_OPTIMIZATION_LEVEL = "-Onone";
				TARGETED_DEVICE_FAMILY = "1,2";
			};
			name = Debug;
		};
		574955031E3F1F04003E22DC /* Release */ = {
			isa = XCBuildConfiguration;
			buildSettings = {
				ALWAYS_SEARCH_USER_PATHS = NO;
				CLANG_ANALYZER_NONNULL = YES;
				CLANG_CXX_LANGUAGE_STANDARD = "gnu++0x";
				CLANG_CXX_LIBRARY = "libc++";
				CLANG_ENABLE_MODULES = YES;
				CLANG_ENABLE_OBJC_ARC = YES;
				CLANG_WARN_BOOL_CONVERSION = YES;
				CLANG_WARN_CONSTANT_CONVERSION = YES;
				CLANG_WARN_DIRECT_OBJC_ISA_USAGE = YES_ERROR;
				CLANG_WARN_DOCUMENTATION_COMMENTS = YES;
				CLANG_WARN_EMPTY_BODY = YES;
				CLANG_WARN_ENUM_CONVERSION = YES;
				CLANG_WARN_INFINITE_RECURSION = YES;
				CLANG_WARN_INT_CONVERSION = YES;
				CLANG_WARN_OBJC_ROOT_CLASS = YES_ERROR;
				CLANG_WARN_SUSPICIOUS_MOVE = YES;
				CLANG_WARN_UNREACHABLE_CODE = YES;
				CLANG_WARN__DUPLICATE_METHOD_MATCH = YES;
				"CODE_SIGN_IDENTITY[sdk=iphoneos*]" = "iPhone Developer";
				COPY_PHASE_STRIP = NO;
				DEBUG_INFORMATION_FORMAT = "dwarf-with-dsym";
				ENABLE_NS_ASSERTIONS = NO;
				ENABLE_STRICT_OBJC_MSGSEND = YES;
				GCC_C_LANGUAGE_STANDARD = gnu99;
				GCC_NO_COMMON_BLOCKS = YES;
				GCC_WARN_64_TO_32_BIT_CONVERSION = YES;
				GCC_WARN_ABOUT_RETURN_TYPE = YES_ERROR;
				GCC_WARN_UNDECLARED_SELECTOR = YES;
				GCC_WARN_UNINITIALIZED_AUTOS = YES_AGGRESSIVE;
				GCC_WARN_UNUSED_FUNCTION = YES;
				GCC_WARN_UNUSED_VARIABLE = YES;
				IPHONEOS_DEPLOYMENT_TARGET = 10.2;
				MTL_ENABLE_DEBUG_INFO = NO;
				SDKROOT = iphoneos;
				SWIFT_OPTIMIZATION_LEVEL = "-Owholemodule";
				TARGETED_DEVICE_FAMILY = "1,2";
				VALIDATE_PRODUCT = YES;
			};
			name = Release;
		};
		574955051E3F1F04003E22DC /* Debug */ = {
			isa = XCBuildConfiguration;
			buildSettings = {
				ASSETCATALOG_COMPILER_APPICON_NAME = AppIcon;
				INFOPLIST_FILE = FoodTracker/Info.plist;
				LD_RUNPATH_SEARCH_PATHS = "$(inherited) @executable_path/Frameworks";
				PRODUCT_BUNDLE_IDENTIFIER = com.example.FoodTracker;
				PRODUCT_NAME = "$(TARGET_NAME)";
				SWIFT_VERSION = 3.0;
			};
			name = Debug;
		};
		574955061E3F1F04003E22DC /* Release */ = {
			isa = XCBuildConfiguration;
			buildSettings = {
				ASSETCATALOG_COMPILER_APPICON_NAME = AppIcon;
				INFOPLIST_FILE = FoodTracker/Info.plist;
				LD_RUNPATH_SEARCH_PATHS = "$(inherited) @executable_path/Frameworks";
				PRODUCT_BUNDLE_IDENTIFIER = com.example.FoodTracker;
				PRODUCT_NAME = "$(TARGET_NAME)";
				SWIFT_VERSION = 3.0;
			};
			name = Release;
		};
		574955081E3F1F04003E22DC /* Debug */ = {
			isa = XCBuildConfiguration;
			buildSettings = {
				ALWAYS_EMBED_SWIFT_STANDARD_LIBRARIES = YES;
				BUNDLE_LOADER = "$(TEST_HOST)";
				INFOPLIST_FILE = FoodTrackerTests/Info.plist;
				LD_RUNPATH_SEARCH_PATHS = "$(inherited) @executable_path/Frameworks @loader_path/Frameworks";
				PRODUCT_BUNDLE_IDENTIFIER = com.example.FoodTrackerTests;
				PRODUCT_NAME = "$(TARGET_NAME)";
				SWIFT_VERSION = 3.0;
				TEST_HOST = "$(BUILT_PRODUCTS_DIR)/FoodTracker.app/FoodTracker";
			};
			name = Debug;
		};
		574955091E3F1F04003E22DC /* Release */ = {
			isa = XCBuildConfiguration;
			buildSettings = {
				ALWAYS_EMBED_SWIFT_STANDARD_LIBRARIES = YES;
				BUNDLE_LOADER = "$(TEST_HOST)";
				INFOPLIST_FILE = FoodTrackerTests/Info.plist;
				LD_RUNPATH_SEARCH_PATHS = "$(inherited) @executable_path/Frameworks @loader_path/Frameworks";
				PRODUCT_BUNDLE_IDENTIFIER = com.example.FoodTrackerTests;
				PRODUCT_NAME = "$(TARGET_NAME)";
				SWIFT_VERSION = 3.0;
				TEST_HOST = "$(BUILT_PRODUCTS_DIR)/FoodTracker.app/FoodTracker";
			};
			name = Release;
		};
/* End XCBuildConfiguration section */

/* Begin XCConfigurationList section */
		574954E21E3F1F04003E22DC /* Build configuration list for PBXProject "FoodTracker" */ = {
			isa = XCConfigurationList;
			buildConfigurations = (
				574955021E3F1F04003E22DC /* Debug */,
				574955031E3F1F04003E22DC /* Release */,
			);
			defaultConfigurationIsVisible = 0;
			defaultConfigurationName = Release;
		};
		574955041E3F1F04003E22DC /* Build configuration list for PBXNativeTarget "FoodTracker" */ = {
			isa = XCConfigurationList;
			buildConfigurations = (
				574955051E3F1F04003E22DC /* Debug */,
				574955061E3F1F04003E22DC /* Release */,
			);
			defaultConfigurationIsVisible = 0;
		};
		574955071E3F1F04003E22DC /* Build configuration list for PBXNativeTarget "FoodTrackerTests" */ = {
			isa = XCConfigurationList;
			buildConfigurations = (
				574955081E3F1F04003E22DC /* Debug */,
				574955091E3F1F04003E22DC /* Release */,
			);
			defaultConfigurationIsVisible = 0;
		};
/* End XCConfigurationList section */
	};
	rootObject = 574954DF1E3F1F04003E22DC /* Project object */;
}
