// !$*UTF8*$!
{
	archiveVersion = 1;
	classes = {
	};
	objectVersion = 46;
	objects = {

/* Begin PBXBuildFile section */
		E31A1EE11E5CFFCF0003D628 /* AppDelegate.swift in Sources */ = {isa = PBXBuildFile; fileRef = E31A1EE01E5CFFCF0003D628 /* AppDelegate.swift */; };
		E31A1EE31E5CFFCF0003D628 /* ViewController.swift in Sources */ = {isa = PBXBuildFile; fileRef = E31A1EE21E5CFFCF0003D628 /* ViewController.swift */; };
		E31A1EE61E5CFFCF0003D628 /* Main.storyboard in Resources */ = {isa = PBXBuildFile; fileRef = E31A1EE41E5CFFCF0003D628 /* Main.storyboard */; };
		E31A1EE81E5CFFCF0003D628 /* Assets.xcassets in Resources */ = {isa = PBXBuildFile; fileRef = E31A1EE71E5CFFCF0003D628 /* Assets.xcassets */; };
		E31A1EEB1E5CFFCF0003D628 /* LaunchScreen.storyboard in Resources */ = {isa = PBXBuildFile; fileRef = E31A1EE91E5CFFCF0003D628 /* LaunchScreen.storyboard */; };
		E31A1EF61E5CFFD00003D628 /* HarmonizeMeTests.swift in Sources */ = {isa = PBXBuildFile; fileRef = E31A1EF51E5CFFD00003D628 /* HarmonizeMeTests.swift */; };
		E31A1F011E5CFFD00003D628 /* HarmonizeMeUITests.swift in Sources */ = {isa = PBXBuildFile; fileRef = E31A1F001E5CFFD00003D628 /* HarmonizeMeUITests.swift */; };
		E31A1F0F1E5CFFFE0003D628 /* AudioKit.framework in Frameworks */ = {isa = PBXBuildFile; fileRef = E31A1F0E1E5CFFFE0003D628 /* AudioKit.framework */; };
		E31A1F101E5CFFFE0003D628 /* AudioKit.framework in Embed Frameworks */ = {isa = PBXBuildFile; fileRef = E31A1F0E1E5CFFFE0003D628 /* AudioKit.framework */; settings = {ATTRIBUTES = (CodeSignOnCopy, RemoveHeadersOnCopy, ); }; };
		E31A1F561E5D00160003D628 /* AfMajorhigh.mp3 in Resources */ = {isa = PBXBuildFile; fileRef = E31A1F131E5D00160003D628 /* AfMajorhigh.mp3 */; };
		E31A1F571E5D00160003D628 /* AfMajorlow.mp3 in Resources */ = {isa = PBXBuildFile; fileRef = E31A1F141E5D00160003D628 /* AfMajorlow.mp3 */; };
		E31A1F581E5D00160003D628 /* AfMajormid.mp3 in Resources */ = {isa = PBXBuildFile; fileRef = E31A1F151E5D00160003D628 /* AfMajormid.mp3 */; };
		E31A1F591E5D00160003D628 /* AfMinorhigh.mp3 in Resources */ = {isa = PBXBuildFile; fileRef = E31A1F161E5D00160003D628 /* AfMinorhigh.mp3 */; };
		E31A1F5A1E5D00160003D628 /* AfMinorlow.mp3 in Resources */ = {isa = PBXBuildFile; fileRef = E31A1F171E5D00160003D628 /* AfMinorlow.mp3 */; };
		E31A1F5B1E5D00160003D628 /* AfMinormid.mp3 in Resources */ = {isa = PBXBuildFile; fileRef = E31A1F181E5D00160003D628 /* AfMinormid.mp3 */; };
		E31A1F5C1E5D00160003D628 /* AMajorhigh.mp3 in Resources */ = {isa = PBXBuildFile; fileRef = E31A1F191E5D00160003D628 /* AMajorhigh.mp3 */; };
		E31A1F5D1E5D00160003D628 /* AMajorlow.mp3 in Resources */ = {isa = PBXBuildFile; fileRef = E31A1F1A1E5D00160003D628 /* AMajorlow.mp3 */; };
		E31A1F5E1E5D00160003D628 /* AMajormid.mp3 in Resources */ = {isa = PBXBuildFile; fileRef = E31A1F1B1E5D00160003D628 /* AMajormid.mp3 */; };
		E31A1F5F1E5D00160003D628 /* AMinorhigh.mp3 in Resources */ = {isa = PBXBuildFile; fileRef = E31A1F1C1E5D00160003D628 /* AMinorhigh.mp3 */; };
		E31A1F601E5D00160003D628 /* AMinorlow.mp3 in Resources */ = {isa = PBXBuildFile; fileRef = E31A1F1D1E5D00160003D628 /* AMinorlow.mp3 */; };
		E31A1F611E5D00160003D628 /* AMinormid.mp3 in Resources */ = {isa = PBXBuildFile; fileRef = E31A1F1E1E5D00160003D628 /* AMinormid.mp3 */; };
		E31A1F621E5D00160003D628 /* BfMajorhigh.mp3 in Resources */ = {isa = PBXBuildFile; fileRef = E31A1F1F1E5D00160003D628 /* BfMajorhigh.mp3 */; };
		E31A1F631E5D00160003D628 /* BfMajorlow.mp3 in Resources */ = {isa = PBXBuildFile; fileRef = E31A1F201E5D00160003D628 /* BfMajorlow.mp3 */; };
		E31A1F641E5D00160003D628 /* BfMajormid.mp3 in Resources */ = {isa = PBXBuildFile; fileRef = E31A1F211E5D00160003D628 /* BfMajormid.mp3 */; };
		E31A1F651E5D00160003D628 /* BfMinorlow.mp3 in Resources */ = {isa = PBXBuildFile; fileRef = E31A1F221E5D00160003D628 /* BfMinorlow.mp3 */; };
		E31A1F661E5D00160003D628 /* BfMinormid.mp3 in Resources */ = {isa = PBXBuildFile; fileRef = E31A1F231E5D00160003D628 /* BfMinormid.mp3 */; };
		E31A1F671E5D00160003D628 /* BMajorlow.mp3 in Resources */ = {isa = PBXBuildFile; fileRef = E31A1F241E5D00160003D628 /* BMajorlow.mp3 */; };
		E31A1F681E5D00160003D628 /* BMajormid.mp3 in Resources */ = {isa = PBXBuildFile; fileRef = E31A1F251E5D00160003D628 /* BMajormid.mp3 */; };
		E31A1F691E5D00160003D628 /* BMinorlow.mp3 in Resources */ = {isa = PBXBuildFile; fileRef = E31A1F261E5D00160003D628 /* BMinorlow.mp3 */; };
		E31A1F6A1E5D00160003D628 /* BMinormid.mp3 in Resources */ = {isa = PBXBuildFile; fileRef = E31A1F271E5D00160003D628 /* BMinormid.mp3 */; };
		E31A1F6B1E5D00160003D628 /* CMajorhigh.mp3 in Resources */ = {isa = PBXBuildFile; fileRef = E31A1F281E5D00160003D628 /* CMajorhigh.mp3 */; };
		E31A1F6C1E5D00160003D628 /* CMajormid.mp3 in Resources */ = {isa = PBXBuildFile; fileRef = E31A1F291E5D00160003D628 /* CMajormid.mp3 */; };
		E31A1F6D1E5D00160003D628 /* CMinorhigh.mp3 in Resources */ = {isa = PBXBuildFile; fileRef = E31A1F2A1E5D00160003D628 /* CMinorhigh.mp3 */; };
		E31A1F6E1E5D00160003D628 /* CMinormid.mp3 in Resources */ = {isa = PBXBuildFile; fileRef = E31A1F2B1E5D00160003D628 /* CMinormid.mp3 */; };
		E31A1F6F1E5D00160003D628 /* CsMinorhigh.mp3 in Resources */ = {isa = PBXBuildFile; fileRef = E31A1F2C1E5D00160003D628 /* CsMinorhigh.mp3 */; };
		E31A1F701E5D00160003D628 /* CsMinorlow.mp3 in Resources */ = {isa = PBXBuildFile; fileRef = E31A1F2D1E5D00160003D628 /* CsMinorlow.mp3 */; };
		E31A1F711E5D00160003D628 /* DfMajorhigh.mp3 in Resources */ = {isa = PBXBuildFile; fileRef = E31A1F2E1E5D00160003D628 /* DfMajorhigh.mp3 */; };
		E31A1F721E5D00160003D628 /* DfMajormid.mp3 in Resources */ = {isa = PBXBuildFile; fileRef = E31A1F2F1E5D00160003D628 /* DfMajormid.mp3 */; };
		E31A1F731E5D00160003D628 /* DMajorhigh.mp3 in Resources */ = {isa = PBXBuildFile; fileRef = E31A1F301E5D00160003D628 /* DMajorhigh.mp3 */; };
		E31A1F741E5D00160003D628 /* DMajormid.mp3 in Resources */ = {isa = PBXBuildFile; fileRef = E31A1F311E5D00160003D628 /* DMajormid.mp3 */; };
		E31A1F751E5D00160003D628 /* DMinorhigh.mp3 in Resources */ = {isa = PBXBuildFile; fileRef = E31A1F321E5D00160003D628 /* DMinorhigh.mp3 */; };
		E31A1F761E5D00160003D628 /* DMinormid.mp3 in Resources */ = {isa = PBXBuildFile; fileRef = E31A1F331E5D00160003D628 /* DMinormid.mp3 */; };
		E31A1F771E5D00160003D628 /* EfMajorhigh.mp3 in Resources */ = {isa = PBXBuildFile; fileRef = E31A1F341E5D00160003D628 /* EfMajorhigh.mp3 */; };
		E31A1F781E5D00160003D628 /* EfMajorlow.mp3 in Resources */ = {isa = PBXBuildFile; fileRef = E31A1F351E5D00160003D628 /* EfMajorlow.mp3 */; };
		E31A1F791E5D00160003D628 /* EfMajormid.mp3 in Resources */ = {isa = PBXBuildFile; fileRef = E31A1F361E5D00160003D628 /* EfMajormid.mp3 */; };
		E31A1F7A1E5D00160003D628 /* EfMinorhigh.mp3 in Resources */ = {isa = PBXBuildFile; fileRef = E31A1F371E5D00160003D628 /* EfMinorhigh.mp3 */; };
		E31A1F7B1E5D00160003D628 /* EfMinorlow.mp3 in Resources */ = {isa = PBXBuildFile; fileRef = E31A1F381E5D00160003D628 /* EfMinorlow.mp3 */; };
		E31A1F7C1E5D00160003D628 /* EfMinormid.mp3 in Resources */ = {isa = PBXBuildFile; fileRef = E31A1F391E5D00160003D628 /* EfMinormid.mp3 */; };
		E31A1F7D1E5D00160003D628 /* EMajorhigh.mp3 in Resources */ = {isa = PBXBuildFile; fileRef = E31A1F3A1E5D00160003D628 /* EMajorhigh.mp3 */; };
		E31A1F7E1E5D00160003D628 /* EMajorlow.mp3 in Resources */ = {isa = PBXBuildFile; fileRef = E31A1F3B1E5D00160003D628 /* EMajorlow.mp3 */; };
		E31A1F7F1E5D00160003D628 /* EMajormid.mp3 in Resources */ = {isa = PBXBuildFile; fileRef = E31A1F3C1E5D00160003D628 /* EMajormid.mp3 */; };
		E31A1F801E5D00160003D628 /* EMinorhigh.mp3 in Resources */ = {isa = PBXBuildFile; fileRef = E31A1F3D1E5D00160003D628 /* EMinorhigh.mp3 */; };
		E31A1F811E5D00160003D628 /* EMinorlow.mp3 in Resources */ = {isa = PBXBuildFile; fileRef = E31A1F3E1E5D00160003D628 /* EMinorlow.mp3 */; };
		E31A1F821E5D00160003D628 /* EMinormid.mp3 in Resources */ = {isa = PBXBuildFile; fileRef = E31A1F3F1E5D00160003D628 /* EMinormid.mp3 */; };
		E31A1F831E5D00160003D628 /* FMajorhigh.mp3 in Resources */ = {isa = PBXBuildFile; fileRef = E31A1F401E5D00160003D628 /* FMajorhigh.mp3 */; };
		E31A1F841E5D00160003D628 /* FMajorlow.mp3 in Resources */ = {isa = PBXBuildFile; fileRef = E31A1F411E5D00160003D628 /* FMajorlow.mp3 */; };
		E31A1F851E5D00160003D628 /* FMajormid.mp3 in Resources */ = {isa = PBXBuildFile; fileRef = E31A1F421E5D00160003D628 /* FMajormid.mp3 */; };
		E31A1F861E5D00160003D628 /* FMinorhigh.mp3 in Resources */ = {isa = PBXBuildFile; fileRef = E31A1F431E5D00160003D628 /* FMinorhigh.mp3 */; };
		E31A1F871E5D00160003D628 /* FMinorlow.mp3 in Resources */ = {isa = PBXBuildFile; fileRef = E31A1F441E5D00160003D628 /* FMinorlow.mp3 */; };
		E31A1F881E5D00160003D628 /* FMinormid.mp3 in Resources */ = {isa = PBXBuildFile; fileRef = E31A1F451E5D00160003D628 /* FMinormid.mp3 */; };
		E31A1F891E5D00160003D628 /* FsMajorhigh.mp3 in Resources */ = {isa = PBXBuildFile; fileRef = E31A1F461E5D00160003D628 /* FsMajorhigh.mp3 */; };
		E31A1F8A1E5D00160003D628 /* FsMajorlow.mp3 in Resources */ = {isa = PBXBuildFile; fileRef = E31A1F471E5D00160003D628 /* FsMajorlow.mp3 */; };
		E31A1F8B1E5D00160003D628 /* FsMajormid.mp3 in Resources */ = {isa = PBXBuildFile; fileRef = E31A1F481E5D00160003D628 /* FsMajormid.mp3 */; };
		E31A1F8C1E5D00160003D628 /* FsMinorhigh.mp3 in Resources */ = {isa = PBXBuildFile; fileRef = E31A1F491E5D00160003D628 /* FsMinorhigh.mp3 */; };
		E31A1F8D1E5D00160003D628 /* FsMinorlow.mp3 in Resources */ = {isa = PBXBuildFile; fileRef = E31A1F4A1E5D00160003D628 /* FsMinorlow.mp3 */; };
		E31A1F8E1E5D00160003D628 /* FsMinormid.mp3 in Resources */ = {isa = PBXBuildFile; fileRef = E31A1F4B1E5D00160003D628 /* FsMinormid.mp3 */; };
		E31A1F8F1E5D00160003D628 /* GMajorhigh.mp3 in Resources */ = {isa = PBXBuildFile; fileRef = E31A1F4C1E5D00160003D628 /* GMajorhigh.mp3 */; };
		E31A1F901E5D00160003D628 /* GMajorlow.mp3 in Resources */ = {isa = PBXBuildFile; fileRef = E31A1F4D1E5D00160003D628 /* GMajorlow.mp3 */; };
		E31A1F911E5D00160003D628 /* GMajormid.mp3 in Resources */ = {isa = PBXBuildFile; fileRef = E31A1F4E1E5D00160003D628 /* GMajormid.mp3 */; };
		E31A1F921E5D00160003D628 /* GMinorhigh.mp3 in Resources */ = {isa = PBXBuildFile; fileRef = E31A1F4F1E5D00160003D628 /* GMinorhigh.mp3 */; };
		E31A1F931E5D00160003D628 /* GMinorlow.mp3 in Resources */ = {isa = PBXBuildFile; fileRef = E31A1F501E5D00160003D628 /* GMinorlow.mp3 */; };
		E31A1F941E5D00160003D628 /* GMinormid.mp3 in Resources */ = {isa = PBXBuildFile; fileRef = E31A1F511E5D00160003D628 /* GMinormid.mp3 */; };
		E31A1F951E5D00160003D628 /* pianotesttrack.mp3 in Resources */ = {isa = PBXBuildFile; fileRef = E31A1F521E5D00160003D628 /* pianotesttrack.mp3 */; };
		E31A1F961E5D00160003D628 /* pianotesttrackmono.wav in Resources */ = {isa = PBXBuildFile; fileRef = E31A1F531E5D00160003D628 /* pianotesttrackmono.wav */; };
		E31A1F971E5D00160003D628 /* tatest.wav in Resources */ = {isa = PBXBuildFile; fileRef = E31A1F541E5D00160003D628 /* tatest.wav */; };
		E31A1F981E5D00160003D628 /* tatest_Labels.txt in Resources */ = {isa = PBXBuildFile; fileRef = E31A1F551E5D00160003D628 /* tatest_Labels.txt */; };
		E31A1F9E1E5D024F0003D628 /* PickKeyViewController.swift in Sources */ = {isa = PBXBuildFile; fileRef = E31A1F9D1E5D024F0003D628 /* PickKeyViewController.swift */; };
		E31A1FA21E5D02D70003D628 /* NoteSegmenter.swift in Sources */ = {isa = PBXBuildFile; fileRef = E31A1FA11E5D02D70003D628 /* NoteSegmenter.swift */; };
		E31A1FA41E5D02EB0003D628 /* PitchConverter.swift in Sources */ = {isa = PBXBuildFile; fileRef = E31A1FA31E5D02EB0003D628 /* PitchConverter.swift */; };
		E31A1FA61E5D03A50003D628 /* InstructionsViewController.swift in Sources */ = {isa = PBXBuildFile; fileRef = E31A1FA51E5D03A50003D628 /* InstructionsViewController.swift */; };
		E31A1FA81E5D03E70003D628 /* RecordingViewController.swift in Sources */ = {isa = PBXBuildFile; fileRef = E31A1FA71E5D03E70003D628 /* RecordingViewController.swift */; };
		E3BB064A1E5D3B6D00CF7BAA /* PitchDetector.swift in Sources */ = {isa = PBXBuildFile; fileRef = E3BB06491E5D3B6D00CF7BAA /* PitchDetector.swift */; };
		E3C9F6941E6516EA00779CB7 /* ProgressionCreator.swift in Sources */ = {isa = PBXBuildFile; fileRef = E3C9F6931E6516EA00779CB7 /* ProgressionCreator.swift */; };
/* End PBXBuildFile section */

/* Begin PBXContainerItemProxy section */
		E31A1EF21E5CFFD00003D628 /* PBXContainerItemProxy */ = {
			isa = PBXContainerItemProxy;
			containerPortal = E31A1ED51E5CFFCF0003D628 /* Project object */;
			proxyType = 1;
			remoteGlobalIDString = E31A1EDC1E5CFFCF0003D628;
			remoteInfo = HarmonizeMe;
		};
		E31A1EFD1E5CFFD00003D628 /* PBXContainerItemProxy */ = {
			isa = PBXContainerItemProxy;
			containerPortal = E31A1ED51E5CFFCF0003D628 /* Project object */;
			proxyType = 1;
			remoteGlobalIDString = E31A1EDC1E5CFFCF0003D628;
			remoteInfo = HarmonizeMe;
		};
/* End PBXContainerItemProxy section */

/* Begin PBXCopyFilesBuildPhase section */
		E31A1F111E5CFFFE0003D628 /* Embed Frameworks */ = {
			isa = PBXCopyFilesBuildPhase;
			buildActionMask = 2147483647;
			dstPath = "";
			dstSubfolderSpec = 10;
			files = (
				E31A1F101E5CFFFE0003D628 /* AudioKit.framework in Embed Frameworks */,
			);
			name = "Embed Frameworks";
			runOnlyForDeploymentPostprocessing = 0;
		};
/* End PBXCopyFilesBuildPhase section */

/* Begin PBXFileReference section */
		E31A1EDD1E5CFFCF0003D628 /* HarmonizeMe.app */ = {isa = PBXFileReference; explicitFileType = wrapper.application; includeInIndex = 0; path = HarmonizeMe.app; sourceTree = BUILT_PRODUCTS_DIR; };
		E31A1EE01E5CFFCF0003D628 /* AppDelegate.swift */ = {isa = PBXFileReference; lastKnownFileType = sourcecode.swift; path = AppDelegate.swift; sourceTree = "<group>"; };
		E31A1EE21E5CFFCF0003D628 /* ViewController.swift */ = {isa = PBXFileReference; lastKnownFileType = sourcecode.swift; path = ViewController.swift; sourceTree = "<group>"; };
		E31A1EE51E5CFFCF0003D628 /* Base */ = {isa = PBXFileReference; lastKnownFileType = file.storyboard; name = Base; path = Base.lproj/Main.storyboard; sourceTree = "<group>"; };
		E31A1EE71E5CFFCF0003D628 /* Assets.xcassets */ = {isa = PBXFileReference; lastKnownFileType = folder.assetcatalog; path = Assets.xcassets; sourceTree = "<group>"; };
		E31A1EEA1E5CFFCF0003D628 /* Base */ = {isa = PBXFileReference; lastKnownFileType = file.storyboard; name = Base; path = Base.lproj/LaunchScreen.storyboard; sourceTree = "<group>"; };
		E31A1EEC1E5CFFCF0003D628 /* Info.plist */ = {isa = PBXFileReference; lastKnownFileType = text.plist.xml; path = Info.plist; sourceTree = "<group>"; };
		E31A1EF11E5CFFD00003D628 /* HarmonizeMeTests.xctest */ = {isa = PBXFileReference; explicitFileType = wrapper.cfbundle; includeInIndex = 0; path = HarmonizeMeTests.xctest; sourceTree = BUILT_PRODUCTS_DIR; };
		E31A1EF51E5CFFD00003D628 /* HarmonizeMeTests.swift */ = {isa = PBXFileReference; lastKnownFileType = sourcecode.swift; path = HarmonizeMeTests.swift; sourceTree = "<group>"; };
		E31A1EF71E5CFFD00003D628 /* Info.plist */ = {isa = PBXFileReference; lastKnownFileType = text.plist.xml; path = Info.plist; sourceTree = "<group>"; };
		E31A1EFC1E5CFFD00003D628 /* HarmonizeMeUITests.xctest */ = {isa = PBXFileReference; explicitFileType = wrapper.cfbundle; includeInIndex = 0; path = HarmonizeMeUITests.xctest; sourceTree = BUILT_PRODUCTS_DIR; };
		E31A1F001E5CFFD00003D628 /* HarmonizeMeUITests.swift */ = {isa = PBXFileReference; lastKnownFileType = sourcecode.swift; path = HarmonizeMeUITests.swift; sourceTree = "<group>"; };
		E31A1F021E5CFFD00003D628 /* Info.plist */ = {isa = PBXFileReference; lastKnownFileType = text.plist.xml; path = Info.plist; sourceTree = "<group>"; };
		E31A1F0E1E5CFFFE0003D628 /* AudioKit.framework */ = {isa = PBXFileReference; lastKnownFileType = wrapper.framework; path = AudioKit.framework; sourceTree = "<group>"; };
		E31A1F131E5D00160003D628 /* AfMajorhigh.mp3 */ = {isa = PBXFileReference; lastKnownFileType = audio.mp3; path = AfMajorhigh.mp3; sourceTree = "<group>"; };
		E31A1F141E5D00160003D628 /* AfMajorlow.mp3 */ = {isa = PBXFileReference; lastKnownFileType = audio.mp3; path = AfMajorlow.mp3; sourceTree = "<group>"; };
		E31A1F151E5D00160003D628 /* AfMajormid.mp3 */ = {isa = PBXFileReference; lastKnownFileType = audio.mp3; path = AfMajormid.mp3; sourceTree = "<group>"; };
		E31A1F161E5D00160003D628 /* AfMinorhigh.mp3 */ = {isa = PBXFileReference; lastKnownFileType = audio.mp3; path = AfMinorhigh.mp3; sourceTree = "<group>"; };
		E31A1F171E5D00160003D628 /* AfMinorlow.mp3 */ = {isa = PBXFileReference; lastKnownFileType = audio.mp3; path = AfMinorlow.mp3; sourceTree = "<group>"; };
		E31A1F181E5D00160003D628 /* AfMinormid.mp3 */ = {isa = PBXFileReference; lastKnownFileType = audio.mp3; path = AfMinormid.mp3; sourceTree = "<group>"; };
		E31A1F191E5D00160003D628 /* AMajorhigh.mp3 */ = {isa = PBXFileReference; lastKnownFileType = audio.mp3; path = AMajorhigh.mp3; sourceTree = "<group>"; };
		E31A1F1A1E5D00160003D628 /* AMajorlow.mp3 */ = {isa = PBXFileReference; lastKnownFileType = audio.mp3; path = AMajorlow.mp3; sourceTree = "<group>"; };
		E31A1F1B1E5D00160003D628 /* AMajormid.mp3 */ = {isa = PBXFileReference; lastKnownFileType = audio.mp3; path = AMajormid.mp3; sourceTree = "<group>"; };
		E31A1F1C1E5D00160003D628 /* AMinorhigh.mp3 */ = {isa = PBXFileReference; lastKnownFileType = audio.mp3; path = AMinorhigh.mp3; sourceTree = "<group>"; };
		E31A1F1D1E5D00160003D628 /* AMinorlow.mp3 */ = {isa = PBXFileReference; lastKnownFileType = audio.mp3; path = AMinorlow.mp3; sourceTree = "<group>"; };
		E31A1F1E1E5D00160003D628 /* AMinormid.mp3 */ = {isa = PBXFileReference; lastKnownFileType = audio.mp3; path = AMinormid.mp3; sourceTree = "<group>"; };
		E31A1F1F1E5D00160003D628 /* BfMajorhigh.mp3 */ = {isa = PBXFileReference; lastKnownFileType = audio.mp3; path = BfMajorhigh.mp3; sourceTree = "<group>"; };
		E31A1F201E5D00160003D628 /* BfMajorlow.mp3 */ = {isa = PBXFileReference; lastKnownFileType = audio.mp3; path = BfMajorlow.mp3; sourceTree = "<group>"; };
		E31A1F211E5D00160003D628 /* BfMajormid.mp3 */ = {isa = PBXFileReference; lastKnownFileType = audio.mp3; path = BfMajormid.mp3; sourceTree = "<group>"; };
		E31A1F221E5D00160003D628 /* BfMinorlow.mp3 */ = {isa = PBXFileReference; lastKnownFileType = audio.mp3; path = BfMinorlow.mp3; sourceTree = "<group>"; };
		E31A1F231E5D00160003D628 /* BfMinormid.mp3 */ = {isa = PBXFileReference; lastKnownFileType = audio.mp3; path = BfMinormid.mp3; sourceTree = "<group>"; };
		E31A1F241E5D00160003D628 /* BMajorlow.mp3 */ = {isa = PBXFileReference; lastKnownFileType = audio.mp3; path = BMajorlow.mp3; sourceTree = "<group>"; };
		E31A1F251E5D00160003D628 /* BMajormid.mp3 */ = {isa = PBXFileReference; lastKnownFileType = audio.mp3; path = BMajormid.mp3; sourceTree = "<group>"; };
		E31A1F261E5D00160003D628 /* BMinorlow.mp3 */ = {isa = PBXFileReference; lastKnownFileType = audio.mp3; path = BMinorlow.mp3; sourceTree = "<group>"; };
		E31A1F271E5D00160003D628 /* BMinormid.mp3 */ = {isa = PBXFileReference; lastKnownFileType = audio.mp3; path = BMinormid.mp3; sourceTree = "<group>"; };
		E31A1F281E5D00160003D628 /* CMajorhigh.mp3 */ = {isa = PBXFileReference; lastKnownFileType = audio.mp3; path = CMajorhigh.mp3; sourceTree = "<group>"; };
		E31A1F291E5D00160003D628 /* CMajormid.mp3 */ = {isa = PBXFileReference; lastKnownFileType = audio.mp3; path = CMajormid.mp3; sourceTree = "<group>"; };
		E31A1F2A1E5D00160003D628 /* CMinorhigh.mp3 */ = {isa = PBXFileReference; lastKnownFileType = audio.mp3; path = CMinorhigh.mp3; sourceTree = "<group>"; };
		E31A1F2B1E5D00160003D628 /* CMinormid.mp3 */ = {isa = PBXFileReference; lastKnownFileType = audio.mp3; path = CMinormid.mp3; sourceTree = "<group>"; };
		E31A1F2C1E5D00160003D628 /* CsMinorhigh.mp3 */ = {isa = PBXFileReference; lastKnownFileType = audio.mp3; path = CsMinorhigh.mp3; sourceTree = "<group>"; };
		E31A1F2D1E5D00160003D628 /* CsMinorlow.mp3 */ = {isa = PBXFileReference; lastKnownFileType = audio.mp3; path = CsMinorlow.mp3; sourceTree = "<group>"; };
		E31A1F2E1E5D00160003D628 /* DfMajorhigh.mp3 */ = {isa = PBXFileReference; lastKnownFileType = audio.mp3; path = DfMajorhigh.mp3; sourceTree = "<group>"; };
		E31A1F2F1E5D00160003D628 /* DfMajormid.mp3 */ = {isa = PBXFileReference; lastKnownFileType = audio.mp3; path = DfMajormid.mp3; sourceTree = "<group>"; };
		E31A1F301E5D00160003D628 /* DMajorhigh.mp3 */ = {isa = PBXFileReference; lastKnownFileType = audio.mp3; path = DMajorhigh.mp3; sourceTree = "<group>"; };
		E31A1F311E5D00160003D628 /* DMajormid.mp3 */ = {isa = PBXFileReference; lastKnownFileType = audio.mp3; path = DMajormid.mp3; sourceTree = "<group>"; };
		E31A1F321E5D00160003D628 /* DMinorhigh.mp3 */ = {isa = PBXFileReference; lastKnownFileType = audio.mp3; path = DMinorhigh.mp3; sourceTree = "<group>"; };
		E31A1F331E5D00160003D628 /* DMinormid.mp3 */ = {isa = PBXFileReference; lastKnownFileType = audio.mp3; path = DMinormid.mp3; sourceTree = "<group>"; };
		E31A1F341E5D00160003D628 /* EfMajorhigh.mp3 */ = {isa = PBXFileReference; lastKnownFileType = audio.mp3; path = EfMajorhigh.mp3; sourceTree = "<group>"; };
		E31A1F351E5D00160003D628 /* EfMajorlow.mp3 */ = {isa = PBXFileReference; lastKnownFileType = audio.mp3; path = EfMajorlow.mp3; sourceTree = "<group>"; };
		E31A1F361E5D00160003D628 /* EfMajormid.mp3 */ = {isa = PBXFileReference; lastKnownFileType = audio.mp3; path = EfMajormid.mp3; sourceTree = "<group>"; };
		E31A1F371E5D00160003D628 /* EfMinorhigh.mp3 */ = {isa = PBXFileReference; lastKnownFileType = audio.mp3; path = EfMinorhigh.mp3; sourceTree = "<group>"; };
		E31A1F381E5D00160003D628 /* EfMinorlow.mp3 */ = {isa = PBXFileReference; lastKnownFileType = audio.mp3; path = EfMinorlow.mp3; sourceTree = "<group>"; };
		E31A1F391E5D00160003D628 /* EfMinormid.mp3 */ = {isa = PBXFileReference; lastKnownFileType = audio.mp3; path = EfMinormid.mp3; sourceTree = "<group>"; };
		E31A1F3A1E5D00160003D628 /* EMajorhigh.mp3 */ = {isa = PBXFileReference; lastKnownFileType = audio.mp3; path = EMajorhigh.mp3; sourceTree = "<group>"; };
		E31A1F3B1E5D00160003D628 /* EMajorlow.mp3 */ = {isa = PBXFileReference; lastKnownFileType = audio.mp3; path = EMajorlow.mp3; sourceTree = "<group>"; };
		E31A1F3C1E5D00160003D628 /* EMajormid.mp3 */ = {isa = PBXFileReference; lastKnownFileType = audio.mp3; path = EMajormid.mp3; sourceTree = "<group>"; };
		E31A1F3D1E5D00160003D628 /* EMinorhigh.mp3 */ = {isa = PBXFileReference; lastKnownFileType = audio.mp3; path = EMinorhigh.mp3; sourceTree = "<group>"; };
		E31A1F3E1E5D00160003D628 /* EMinorlow.mp3 */ = {isa = PBXFileReference; lastKnownFileType = audio.mp3; path = EMinorlow.mp3; sourceTree = "<group>"; };
		E31A1F3F1E5D00160003D628 /* EMinormid.mp3 */ = {isa = PBXFileReference; lastKnownFileType = audio.mp3; path = EMinormid.mp3; sourceTree = "<group>"; };
		E31A1F401E5D00160003D628 /* FMajorhigh.mp3 */ = {isa = PBXFileReference; lastKnownFileType = audio.mp3; path = FMajorhigh.mp3; sourceTree = "<group>"; };
		E31A1F411E5D00160003D628 /* FMajorlow.mp3 */ = {isa = PBXFileReference; lastKnownFileType = audio.mp3; path = FMajorlow.mp3; sourceTree = "<group>"; };
		E31A1F421E5D00160003D628 /* FMajormid.mp3 */ = {isa = PBXFileReference; lastKnownFileType = audio.mp3; path = FMajormid.mp3; sourceTree = "<group>"; };
		E31A1F431E5D00160003D628 /* FMinorhigh.mp3 */ = {isa = PBXFileReference; lastKnownFileType = audio.mp3; path = FMinorhigh.mp3; sourceTree = "<group>"; };
		E31A1F441E5D00160003D628 /* FMinorlow.mp3 */ = {isa = PBXFileReference; lastKnownFileType = audio.mp3; path = FMinorlow.mp3; sourceTree = "<group>"; };
		E31A1F451E5D00160003D628 /* FMinormid.mp3 */ = {isa = PBXFileReference; lastKnownFileType = audio.mp3; path = FMinormid.mp3; sourceTree = "<group>"; };
		E31A1F461E5D00160003D628 /* FsMajorhigh.mp3 */ = {isa = PBXFileReference; lastKnownFileType = audio.mp3; path = FsMajorhigh.mp3; sourceTree = "<group>"; };
		E31A1F471E5D00160003D628 /* FsMajorlow.mp3 */ = {isa = PBXFileReference; lastKnownFileType = audio.mp3; path = FsMajorlow.mp3; sourceTree = "<group>"; };
		E31A1F481E5D00160003D628 /* FsMajormid.mp3 */ = {isa = PBXFileReference; lastKnownFileType = audio.mp3; path = FsMajormid.mp3; sourceTree = "<group>"; };
		E31A1F491E5D00160003D628 /* FsMinorhigh.mp3 */ = {isa = PBXFileReference; lastKnownFileType = audio.mp3; path = FsMinorhigh.mp3; sourceTree = "<group>"; };
		E31A1F4A1E5D00160003D628 /* FsMinorlow.mp3 */ = {isa = PBXFileReference; lastKnownFileType = audio.mp3; path = FsMinorlow.mp3; sourceTree = "<group>"; };
		E31A1F4B1E5D00160003D628 /* FsMinormid.mp3 */ = {isa = PBXFileReference; lastKnownFileType = audio.mp3; path = FsMinormid.mp3; sourceTree = "<group>"; };
		E31A1F4C1E5D00160003D628 /* GMajorhigh.mp3 */ = {isa = PBXFileReference; lastKnownFileType = audio.mp3; path = GMajorhigh.mp3; sourceTree = "<group>"; };
		E31A1F4D1E5D00160003D628 /* GMajorlow.mp3 */ = {isa = PBXFileReference; lastKnownFileType = audio.mp3; path = GMajorlow.mp3; sourceTree = "<group>"; };
		E31A1F4E1E5D00160003D628 /* GMajormid.mp3 */ = {isa = PBXFileReference; lastKnownFileType = audio.mp3; path = GMajormid.mp3; sourceTree = "<group>"; };
		E31A1F4F1E5D00160003D628 /* GMinorhigh.mp3 */ = {isa = PBXFileReference; lastKnownFileType = audio.mp3; path = GMinorhigh.mp3; sourceTree = "<group>"; };
		E31A1F501E5D00160003D628 /* GMinorlow.mp3 */ = {isa = PBXFileReference; lastKnownFileType = audio.mp3; path = GMinorlow.mp3; sourceTree = "<group>"; };
		E31A1F511E5D00160003D628 /* GMinormid.mp3 */ = {isa = PBXFileReference; lastKnownFileType = audio.mp3; path = GMinormid.mp3; sourceTree = "<group>"; };
		E31A1F521E5D00160003D628 /* pianotesttrack.mp3 */ = {isa = PBXFileReference; lastKnownFileType = audio.mp3; path = pianotesttrack.mp3; sourceTree = "<group>"; };
		E31A1F531E5D00160003D628 /* pianotesttrackmono.wav */ = {isa = PBXFileReference; lastKnownFileType = audio.wav; path = pianotesttrackmono.wav; sourceTree = "<group>"; };
		E31A1F541E5D00160003D628 /* tatest.wav */ = {isa = PBXFileReference; lastKnownFileType = audio.wav; path = tatest.wav; sourceTree = "<group>"; };
		E31A1F551E5D00160003D628 /* tatest_Labels.txt */ = {isa = PBXFileReference; fileEncoding = 4; lastKnownFileType = text; path = tatest_Labels.txt; sourceTree = "<group>"; };
		E31A1F9D1E5D024F0003D628 /* PickKeyViewController.swift */ = {isa = PBXFileReference; fileEncoding = 4; lastKnownFileType = sourcecode.swift; path = PickKeyViewController.swift; sourceTree = "<group>"; };
		E31A1FA11E5D02D70003D628 /* NoteSegmenter.swift */ = {isa = PBXFileReference; fileEncoding = 4; lastKnownFileType = sourcecode.swift; path = NoteSegmenter.swift; sourceTree = "<group>"; };
		E31A1FA31E5D02EB0003D628 /* PitchConverter.swift */ = {isa = PBXFileReference; fileEncoding = 4; lastKnownFileType = sourcecode.swift; path = PitchConverter.swift; sourceTree = "<group>"; };
		E31A1FA51E5D03A50003D628 /* InstructionsViewController.swift */ = {isa = PBXFileReference; fileEncoding = 4; lastKnownFileType = sourcecode.swift; path = InstructionsViewController.swift; sourceTree = "<group>"; };
		E31A1FA71E5D03E70003D628 /* RecordingViewController.swift */ = {isa = PBXFileReference; fileEncoding = 4; lastKnownFileType = sourcecode.swift; path = RecordingViewController.swift; sourceTree = "<group>"; };
		E3BB06491E5D3B6D00CF7BAA /* PitchDetector.swift */ = {isa = PBXFileReference; fileEncoding = 4; lastKnownFileType = sourcecode.swift; path = PitchDetector.swift; sourceTree = "<group>"; };
		E3C9F6931E6516EA00779CB7 /* ProgressionCreator.swift */ = {isa = PBXFileReference; fileEncoding = 4; lastKnownFileType = sourcecode.swift; path = ProgressionCreator.swift; sourceTree = "<group>"; };
/* End PBXFileReference section */

/* Begin PBXFrameworksBuildPhase section */
		E31A1EDA1E5CFFCF0003D628 /* Frameworks */ = {
			isa = PBXFrameworksBuildPhase;
			buildActionMask = 2147483647;
			files = (
				E31A1F0F1E5CFFFE0003D628 /* AudioKit.framework in Frameworks */,
			);
			runOnlyForDeploymentPostprocessing = 0;
		};
		E31A1EEE1E5CFFD00003D628 /* Frameworks */ = {
			isa = PBXFrameworksBuildPhase;
			buildActionMask = 2147483647;
			files = (
			);
			runOnlyForDeploymentPostprocessing = 0;
		};
		E31A1EF91E5CFFD00003D628 /* Frameworks */ = {
			isa = PBXFrameworksBuildPhase;
			buildActionMask = 2147483647;
			files = (
			);
			runOnlyForDeploymentPostprocessing = 0;
		};
/* End PBXFrameworksBuildPhase section */

/* Begin PBXGroup section */
		E31A1ED41E5CFFCF0003D628 = {
			isa = PBXGroup;
			children = (
				E31A1F121E5D00160003D628 /* Resources */,
				E31A1F0E1E5CFFFE0003D628 /* AudioKit.framework */,
				E31A1EDF1E5CFFCF0003D628 /* HarmonizeMe */,
				E31A1EF41E5CFFD00003D628 /* HarmonizeMeTests */,
				E31A1EFF1E5CFFD00003D628 /* HarmonizeMeUITests */,
				E31A1EDE1E5CFFCF0003D628 /* Products */,
			);
			sourceTree = "<group>";
		};
		E31A1EDE1E5CFFCF0003D628 /* Products */ = {
			isa = PBXGroup;
			children = (
				E31A1EDD1E5CFFCF0003D628 /* HarmonizeMe.app */,
				E31A1EF11E5CFFD00003D628 /* HarmonizeMeTests.xctest */,
				E31A1EFC1E5CFFD00003D628 /* HarmonizeMeUITests.xctest */,
			);
			name = Products;
			sourceTree = "<group>";
		};
		E31A1EDF1E5CFFCF0003D628 /* HarmonizeMe */ = {
			isa = PBXGroup;
			children = (
				E31A1EE01E5CFFCF0003D628 /* AppDelegate.swift */,
				E31A1EE41E5CFFCF0003D628 /* Main.storyboard */,
				E31A1EE71E5CFFCF0003D628 /* Assets.xcassets */,
				E31A1EE91E5CFFCF0003D628 /* LaunchScreen.storyboard */,
				E31A1EEC1E5CFFCF0003D628 /* Info.plist */,
				E31A1FA31E5D02EB0003D628 /* PitchConverter.swift */,
				E31A1FA11E5D02D70003D628 /* NoteSegmenter.swift */,
				E31A1EE21E5CFFCF0003D628 /* ViewController.swift */,
				E31A1F9D1E5D024F0003D628 /* PickKeyViewController.swift */,
				E31A1FA51E5D03A50003D628 /* InstructionsViewController.swift */,
				E31A1FA71E5D03E70003D628 /* RecordingViewController.swift */,
				E3BB06491E5D3B6D00CF7BAA /* PitchDetector.swift */,
				E3C9F6931E6516EA00779CB7 /* ProgressionCreator.swift */,
			);
			path = HarmonizeMe;
			sourceTree = "<group>";
		};
		E31A1EF41E5CFFD00003D628 /* HarmonizeMeTests */ = {
			isa = PBXGroup;
			children = (
				E31A1EF51E5CFFD00003D628 /* HarmonizeMeTests.swift */,
				E31A1EF71E5CFFD00003D628 /* Info.plist */,
			);
			path = HarmonizeMeTests;
			sourceTree = "<group>";
		};
		E31A1EFF1E5CFFD00003D628 /* HarmonizeMeUITests */ = {
			isa = PBXGroup;
			children = (
				E31A1F001E5CFFD00003D628 /* HarmonizeMeUITests.swift */,
				E31A1F021E5CFFD00003D628 /* Info.plist */,
			);
			path = HarmonizeMeUITests;
			sourceTree = "<group>";
		};
		E31A1F121E5D00160003D628 /* Resources */ = {
			isa = PBXGroup;
			children = (
				E31A1F131E5D00160003D628 /* AfMajorhigh.mp3 */,
				E31A1F141E5D00160003D628 /* AfMajorlow.mp3 */,
				E31A1F151E5D00160003D628 /* AfMajormid.mp3 */,
				E31A1F161E5D00160003D628 /* AfMinorhigh.mp3 */,
				E31A1F171E5D00160003D628 /* AfMinorlow.mp3 */,
				E31A1F181E5D00160003D628 /* AfMinormid.mp3 */,
				E31A1F191E5D00160003D628 /* AMajorhigh.mp3 */,
				E31A1F1A1E5D00160003D628 /* AMajorlow.mp3 */,
				E31A1F1B1E5D00160003D628 /* AMajormid.mp3 */,
				E31A1F1C1E5D00160003D628 /* AMinorhigh.mp3 */,
				E31A1F1D1E5D00160003D628 /* AMinorlow.mp3 */,
				E31A1F1E1E5D00160003D628 /* AMinormid.mp3 */,
				E31A1F1F1E5D00160003D628 /* BfMajorhigh.mp3 */,
				E31A1F201E5D00160003D628 /* BfMajorlow.mp3 */,
				E31A1F211E5D00160003D628 /* BfMajormid.mp3 */,
				E31A1F221E5D00160003D628 /* BfMinorlow.mp3 */,
				E31A1F231E5D00160003D628 /* BfMinormid.mp3 */,
				E31A1F241E5D00160003D628 /* BMajorlow.mp3 */,
				E31A1F251E5D00160003D628 /* BMajormid.mp3 */,
				E31A1F261E5D00160003D628 /* BMinorlow.mp3 */,
				E31A1F271E5D00160003D628 /* BMinormid.mp3 */,
				E31A1F281E5D00160003D628 /* CMajorhigh.mp3 */,
				E31A1F291E5D00160003D628 /* CMajormid.mp3 */,
				E31A1F2A1E5D00160003D628 /* CMinorhigh.mp3 */,
				E31A1F2B1E5D00160003D628 /* CMinormid.mp3 */,
				E31A1F2C1E5D00160003D628 /* CsMinorhigh.mp3 */,
				E31A1F2D1E5D00160003D628 /* CsMinorlow.mp3 */,
				E31A1F2E1E5D00160003D628 /* DfMajorhigh.mp3 */,
				E31A1F2F1E5D00160003D628 /* DfMajormid.mp3 */,
				E31A1F301E5D00160003D628 /* DMajorhigh.mp3 */,
				E31A1F311E5D00160003D628 /* DMajormid.mp3 */,
				E31A1F321E5D00160003D628 /* DMinorhigh.mp3 */,
				E31A1F331E5D00160003D628 /* DMinormid.mp3 */,
				E31A1F341E5D00160003D628 /* EfMajorhigh.mp3 */,
				E31A1F351E5D00160003D628 /* EfMajorlow.mp3 */,
				E31A1F361E5D00160003D628 /* EfMajormid.mp3 */,
				E31A1F371E5D00160003D628 /* EfMinorhigh.mp3 */,
				E31A1F381E5D00160003D628 /* EfMinorlow.mp3 */,
				E31A1F391E5D00160003D628 /* EfMinormid.mp3 */,
				E31A1F3A1E5D00160003D628 /* EMajorhigh.mp3 */,
				E31A1F3B1E5D00160003D628 /* EMajorlow.mp3 */,
				E31A1F3C1E5D00160003D628 /* EMajormid.mp3 */,
				E31A1F3D1E5D00160003D628 /* EMinorhigh.mp3 */,
				E31A1F3E1E5D00160003D628 /* EMinorlow.mp3 */,
				E31A1F3F1E5D00160003D628 /* EMinormid.mp3 */,
				E31A1F401E5D00160003D628 /* FMajorhigh.mp3 */,
				E31A1F411E5D00160003D628 /* FMajorlow.mp3 */,
				E31A1F421E5D00160003D628 /* FMajormid.mp3 */,
				E31A1F431E5D00160003D628 /* FMinorhigh.mp3 */,
				E31A1F441E5D00160003D628 /* FMinorlow.mp3 */,
				E31A1F451E5D00160003D628 /* FMinormid.mp3 */,
				E31A1F461E5D00160003D628 /* FsMajorhigh.mp3 */,
				E31A1F471E5D00160003D628 /* FsMajorlow.mp3 */,
				E31A1F481E5D00160003D628 /* FsMajormid.mp3 */,
				E31A1F491E5D00160003D628 /* FsMinorhigh.mp3 */,
				E31A1F4A1E5D00160003D628 /* FsMinorlow.mp3 */,
				E31A1F4B1E5D00160003D628 /* FsMinormid.mp3 */,
				E31A1F4C1E5D00160003D628 /* GMajorhigh.mp3 */,
				E31A1F4D1E5D00160003D628 /* GMajorlow.mp3 */,
				E31A1F4E1E5D00160003D628 /* GMajormid.mp3 */,
				E31A1F4F1E5D00160003D628 /* GMinorhigh.mp3 */,
				E31A1F501E5D00160003D628 /* GMinorlow.mp3 */,
				E31A1F511E5D00160003D628 /* GMinormid.mp3 */,
				E31A1F521E5D00160003D628 /* pianotesttrack.mp3 */,
				E31A1F531E5D00160003D628 /* pianotesttrackmono.wav */,
				E31A1F541E5D00160003D628 /* tatest.wav */,
				E31A1F551E5D00160003D628 /* tatest_Labels.txt */,
			);
			path = Resources;
			sourceTree = "<group>";
		};
/* End PBXGroup section */

/* Begin PBXNativeTarget section */
		E31A1EDC1E5CFFCF0003D628 /* HarmonizeMe */ = {
			isa = PBXNativeTarget;
			buildConfigurationList = E31A1F051E5CFFD00003D628 /* Build configuration list for PBXNativeTarget "HarmonizeMe" */;
			buildPhases = (
				E31A1ED91E5CFFCF0003D628 /* Sources */,
				E31A1EDA1E5CFFCF0003D628 /* Frameworks */,
				E31A1EDB1E5CFFCF0003D628 /* Resources */,
				E31A1F111E5CFFFE0003D628 /* Embed Frameworks */,
			);
			buildRules = (
			);
			dependencies = (
			);
			name = HarmonizeMe;
			productName = HarmonizeMe;
			productReference = E31A1EDD1E5CFFCF0003D628 /* HarmonizeMe.app */;
			productType = "com.apple.product-type.application";
		};
		E31A1EF01E5CFFD00003D628 /* HarmonizeMeTests */ = {
			isa = PBXNativeTarget;
			buildConfigurationList = E31A1F081E5CFFD00003D628 /* Build configuration list for PBXNativeTarget "HarmonizeMeTests" */;
			buildPhases = (
				E31A1EED1E5CFFD00003D628 /* Sources */,
				E31A1EEE1E5CFFD00003D628 /* Frameworks */,
				E31A1EEF1E5CFFD00003D628 /* Resources */,
			);
			buildRules = (
			);
			dependencies = (
				E31A1EF31E5CFFD00003D628 /* PBXTargetDependency */,
			);
			name = HarmonizeMeTests;
			productName = HarmonizeMeTests;
			productReference = E31A1EF11E5CFFD00003D628 /* HarmonizeMeTests.xctest */;
			productType = "com.apple.product-type.bundle.unit-test";
		};
		E31A1EFB1E5CFFD00003D628 /* HarmonizeMeUITests */ = {
			isa = PBXNativeTarget;
			buildConfigurationList = E31A1F0B1E5CFFD00003D628 /* Build configuration list for PBXNativeTarget "HarmonizeMeUITests" */;
			buildPhases = (
				E31A1EF81E5CFFD00003D628 /* Sources */,
				E31A1EF91E5CFFD00003D628 /* Frameworks */,
				E31A1EFA1E5CFFD00003D628 /* Resources */,
			);
			buildRules = (
			);
			dependencies = (
				E31A1EFE1E5CFFD00003D628 /* PBXTargetDependency */,
			);
			name = HarmonizeMeUITests;
			productName = HarmonizeMeUITests;
			productReference = E31A1EFC1E5CFFD00003D628 /* HarmonizeMeUITests.xctest */;
			productType = "com.apple.product-type.bundle.ui-testing";
		};
/* End PBXNativeTarget section */

/* Begin PBXProject section */
		E31A1ED51E5CFFCF0003D628 /* Project object */ = {
			isa = PBXProject;
			attributes = {
				LastSwiftUpdateCheck = 0820;
				LastUpgradeCheck = 0820;
				ORGANIZATIONNAME = "Julia Wilkins";
				TargetAttributes = {
					E31A1EDC1E5CFFCF0003D628 = {
						CreatedOnToolsVersion = 8.2.1;
						DevelopmentTeam = K25K4BL7BY;
						ProvisioningStyle = Automatic;
					};
					E31A1EF01E5CFFD00003D628 = {
						CreatedOnToolsVersion = 8.2.1;
						DevelopmentTeam = K25K4BL7BY;
						ProvisioningStyle = Automatic;
						TestTargetID = E31A1EDC1E5CFFCF0003D628;
					};
					E31A1EFB1E5CFFD00003D628 = {
						CreatedOnToolsVersion = 8.2.1;
						DevelopmentTeam = K25K4BL7BY;
						ProvisioningStyle = Automatic;
						TestTargetID = E31A1EDC1E5CFFCF0003D628;
					};
				};
			};
			buildConfigurationList = E31A1ED81E5CFFCF0003D628 /* Build configuration list for PBXProject "HarmonizeMe" */;
			compatibilityVersion = "Xcode 3.2";
			developmentRegion = English;
			hasScannedForEncodings = 0;
			knownRegions = (
				en,
				Base,
			);
			mainGroup = E31A1ED41E5CFFCF0003D628;
			productRefGroup = E31A1EDE1E5CFFCF0003D628 /* Products */;
			projectDirPath = "";
			projectRoot = "";
			targets = (
				E31A1EDC1E5CFFCF0003D628 /* HarmonizeMe */,
				E31A1EF01E5CFFD00003D628 /* HarmonizeMeTests */,
				E31A1EFB1E5CFFD00003D628 /* HarmonizeMeUITests */,
			);
		};
/* End PBXProject section */

/* Begin PBXResourcesBuildPhase section */
		E31A1EDB1E5CFFCF0003D628 /* Resources */ = {
			isa = PBXResourcesBuildPhase;
			buildActionMask = 2147483647;
			files = (
				E31A1F5B1E5D00160003D628 /* AfMinormid.mp3 in Resources */,
				E31A1F651E5D00160003D628 /* BfMinorlow.mp3 in Resources */,
				E31A1F6F1E5D00160003D628 /* CsMinorhigh.mp3 in Resources */,
				E31A1F961E5D00160003D628 /* pianotesttrackmono.wav in Resources */,
				E31A1F601E5D00160003D628 /* AMinorlow.mp3 in Resources */,
				E31A1F751E5D00160003D628 /* DMinorhigh.mp3 in Resources */,
				E31A1F871E5D00160003D628 /* FMinorlow.mp3 in Resources */,
				E31A1EEB1E5CFFCF0003D628 /* LaunchScreen.storyboard in Resources */,
				E31A1F761E5D00160003D628 /* DMinormid.mp3 in Resources */,
				E31A1F8E1E5D00160003D628 /* FsMinormid.mp3 in Resources */,
				E31A1F571E5D00160003D628 /* AfMajorlow.mp3 in Resources */,
				E31A1F5E1E5D00160003D628 /* AMajormid.mp3 in Resources */,
				E31A1F951E5D00160003D628 /* pianotesttrack.mp3 in Resources */,
				E31A1F631E5D00160003D628 /* BfMajorlow.mp3 in Resources */,
				E31A1F841E5D00160003D628 /* FMajorlow.mp3 in Resources */,
				E31A1F941E5D00160003D628 /* GMinormid.mp3 in Resources */,
				E31A1F7C1E5D00160003D628 /* EfMinormid.mp3 in Resources */,
				E31A1F7F1E5D00160003D628 /* EMajormid.mp3 in Resources */,
				E31A1F5A1E5D00160003D628 /* AfMinorlow.mp3 in Resources */,
				E31A1F721E5D00160003D628 /* DfMajormid.mp3 in Resources */,
				E31A1F5C1E5D00160003D628 /* AMajorhigh.mp3 in Resources */,
				E31A1F851E5D00160003D628 /* FMajormid.mp3 in Resources */,
				E31A1F711E5D00160003D628 /* DfMajorhigh.mp3 in Resources */,
				E31A1F911E5D00160003D628 /* GMajormid.mp3 in Resources */,
				E31A1F8B1E5D00160003D628 /* FsMajormid.mp3 in Resources */,
				E31A1F591E5D00160003D628 /* AfMinorhigh.mp3 in Resources */,
				E31A1F861E5D00160003D628 /* FMinorhigh.mp3 in Resources */,
				E31A1F611E5D00160003D628 /* AMinormid.mp3 in Resources */,
				E31A1F5F1E5D00160003D628 /* AMinorhigh.mp3 in Resources */,
				E31A1F901E5D00160003D628 /* GMajorlow.mp3 in Resources */,
				E31A1F981E5D00160003D628 /* tatest_Labels.txt in Resources */,
				E31A1F811E5D00160003D628 /* EMinorlow.mp3 in Resources */,
				E31A1F931E5D00160003D628 /* GMinorlow.mp3 in Resources */,
				E31A1F881E5D00160003D628 /* FMinormid.mp3 in Resources */,
				E31A1F831E5D00160003D628 /* FMajorhigh.mp3 in Resources */,
				E31A1F731E5D00160003D628 /* DMajorhigh.mp3 in Resources */,
				E31A1F6A1E5D00160003D628 /* BMinormid.mp3 in Resources */,
				E31A1F8C1E5D00160003D628 /* FsMinorhigh.mp3 in Resources */,
				E31A1F6E1E5D00160003D628 /* CMinormid.mp3 in Resources */,
				E31A1F681E5D00160003D628 /* BMajormid.mp3 in Resources */,
				E31A1F8D1E5D00160003D628 /* FsMinorlow.mp3 in Resources */,
				E31A1F7A1E5D00160003D628 /* EfMinorhigh.mp3 in Resources */,
				E31A1F801E5D00160003D628 /* EMinorhigh.mp3 in Resources */,
				E31A1F691E5D00160003D628 /* BMinorlow.mp3 in Resources */,
				E31A1F6C1E5D00160003D628 /* CMajormid.mp3 in Resources */,
				E31A1F7D1E5D00160003D628 /* EMajorhigh.mp3 in Resources */,
				E31A1F5D1E5D00160003D628 /* AMajorlow.mp3 in Resources */,
				E31A1F7B1E5D00160003D628 /* EfMinorlow.mp3 in Resources */,
				E31A1F771E5D00160003D628 /* EfMajorhigh.mp3 in Resources */,
				E31A1F561E5D00160003D628 /* AfMajorhigh.mp3 in Resources */,
				E31A1F8F1E5D00160003D628 /* GMajorhigh.mp3 in Resources */,
				E31A1F641E5D00160003D628 /* BfMajormid.mp3 in Resources */,
				E31A1F661E5D00160003D628 /* BfMinormid.mp3 in Resources */,
				E31A1EE81E5CFFCF0003D628 /* Assets.xcassets in Resources */,
				E31A1F971E5D00160003D628 /* tatest.wav in Resources */,
				E31A1F581E5D00160003D628 /* AfMajormid.mp3 in Resources */,
				E31A1F791E5D00160003D628 /* EfMajormid.mp3 in Resources */,
				E31A1F781E5D00160003D628 /* EfMajorlow.mp3 in Resources */,
				E31A1F621E5D00160003D628 /* BfMajorhigh.mp3 in Resources */,
				E31A1F741E5D00160003D628 /* DMajormid.mp3 in Resources */,
				E31A1F891E5D00160003D628 /* FsMajorhigh.mp3 in Resources */,
				E31A1F8A1E5D00160003D628 /* FsMajorlow.mp3 in Resources */,
				E31A1F921E5D00160003D628 /* GMinorhigh.mp3 in Resources */,
				E31A1F6D1E5D00160003D628 /* CMinorhigh.mp3 in Resources */,
				E31A1F7E1E5D00160003D628 /* EMajorlow.mp3 in Resources */,
				E31A1F671E5D00160003D628 /* BMajorlow.mp3 in Resources */,
				E31A1EE61E5CFFCF0003D628 /* Main.storyboard in Resources */,
				E31A1F6B1E5D00160003D628 /* CMajorhigh.mp3 in Resources */,
				E31A1F701E5D00160003D628 /* CsMinorlow.mp3 in Resources */,
				E31A1F821E5D00160003D628 /* EMinormid.mp3 in Resources */,
			);
			runOnlyForDeploymentPostprocessing = 0;
		};
		E31A1EEF1E5CFFD00003D628 /* Resources */ = {
			isa = PBXResourcesBuildPhase;
			buildActionMask = 2147483647;
			files = (
			);
			runOnlyForDeploymentPostprocessing = 0;
		};
		E31A1EFA1E5CFFD00003D628 /* Resources */ = {
			isa = PBXResourcesBuildPhase;
			buildActionMask = 2147483647;
			files = (
			);
			runOnlyForDeploymentPostprocessing = 0;
		};
/* End PBXResourcesBuildPhase section */

/* Begin PBXSourcesBuildPhase section */
		E31A1ED91E5CFFCF0003D628 /* Sources */ = {
			isa = PBXSourcesBuildPhase;
			buildActionMask = 2147483647;
			files = (
				E3BB064A1E5D3B6D00CF7BAA /* PitchDetector.swift in Sources */,
				E31A1FA41E5D02EB0003D628 /* PitchConverter.swift in Sources */,
				E31A1EE31E5CFFCF0003D628 /* ViewController.swift in Sources */,
				E31A1F9E1E5D024F0003D628 /* PickKeyViewController.swift in Sources */,
				E31A1FA81E5D03E70003D628 /* RecordingViewController.swift in Sources */,
				E31A1FA21E5D02D70003D628 /* NoteSegmenter.swift in Sources */,
				E31A1FA61E5D03A50003D628 /* InstructionsViewController.swift in Sources */,
				E31A1EE11E5CFFCF0003D628 /* AppDelegate.swift in Sources */,
				E3C9F6941E6516EA00779CB7 /* ProgressionCreator.swift in Sources */,
			);
			runOnlyForDeploymentPostprocessing = 0;
		};
		E31A1EED1E5CFFD00003D628 /* Sources */ = {
			isa = PBXSourcesBuildPhase;
			buildActionMask = 2147483647;
			files = (
				E31A1EF61E5CFFD00003D628 /* HarmonizeMeTests.swift in Sources */,
			);
			runOnlyForDeploymentPostprocessing = 0;
		};
		E31A1EF81E5CFFD00003D628 /* Sources */ = {
			isa = PBXSourcesBuildPhase;
			buildActionMask = 2147483647;
			files = (
				E31A1F011E5CFFD00003D628 /* HarmonizeMeUITests.swift in Sources */,
			);
			runOnlyForDeploymentPostprocessing = 0;
		};
/* End PBXSourcesBuildPhase section */

/* Begin PBXTargetDependency section */
		E31A1EF31E5CFFD00003D628 /* PBXTargetDependency */ = {
			isa = PBXTargetDependency;
			target = E31A1EDC1E5CFFCF0003D628 /* HarmonizeMe */;
			targetProxy = E31A1EF21E5CFFD00003D628 /* PBXContainerItemProxy */;
		};
		E31A1EFE1E5CFFD00003D628 /* PBXTargetDependency */ = {
			isa = PBXTargetDependency;
			target = E31A1EDC1E5CFFCF0003D628 /* HarmonizeMe */;
			targetProxy = E31A1EFD1E5CFFD00003D628 /* PBXContainerItemProxy */;
		};
/* End PBXTargetDependency section */

/* Begin PBXVariantGroup section */
		E31A1EE41E5CFFCF0003D628 /* Main.storyboard */ = {
			isa = PBXVariantGroup;
			children = (
				E31A1EE51E5CFFCF0003D628 /* Base */,
			);
			name = Main.storyboard;
			sourceTree = "<group>";
		};
		E31A1EE91E5CFFCF0003D628 /* LaunchScreen.storyboard */ = {
			isa = PBXVariantGroup;
			children = (
				E31A1EEA1E5CFFCF0003D628 /* Base */,
			);
			name = LaunchScreen.storyboard;
			sourceTree = "<group>";
		};
/* End PBXVariantGroup section */

/* Begin XCBuildConfiguration section */
		E31A1F031E5CFFD00003D628 /* Debug */ = {
			isa = XCBuildConfiguration;
			buildSettings = {
				ALWAYS_SEARCH_USER_PATHS = NO;
				CLANG_ANALYZER_NONNULL = YES;
				CLANG_CXX_LANGUAGE_STANDARD = "gnu++0x";
				CLANG_CXX_LIBRARY = "libc++";
				CLANG_ENABLE_MODULES = YES;
				CLANG_ENABLE_OBJC_ARC = YES;
				CLANG_WARN_BOOL_CONVERSION = YES;
				CLANG_WARN_CONSTANT_CONVERSION = YES;
				CLANG_WARN_DIRECT_OBJC_ISA_USAGE = YES_ERROR;
				CLANG_WARN_DOCUMENTATION_COMMENTS = YES;
				CLANG_WARN_EMPTY_BODY = YES;
				CLANG_WARN_ENUM_CONVERSION = YES;
				CLANG_WARN_INFINITE_RECURSION = YES;
				CLANG_WARN_INT_CONVERSION = YES;
				CLANG_WARN_OBJC_ROOT_CLASS = YES_ERROR;
				CLANG_WARN_SUSPICIOUS_MOVE = YES;
				CLANG_WARN_UNREACHABLE_CODE = YES;
				CLANG_WARN__DUPLICATE_METHOD_MATCH = YES;
				"CODE_SIGN_IDENTITY[sdk=iphoneos*]" = "iPhone Developer";
				COPY_PHASE_STRIP = NO;
				DEBUG_INFORMATION_FORMAT = dwarf;
				ENABLE_STRICT_OBJC_MSGSEND = YES;
				ENABLE_TESTABILITY = YES;
				GCC_C_LANGUAGE_STANDARD = gnu99;
				GCC_DYNAMIC_NO_PIC = NO;
				GCC_NO_COMMON_BLOCKS = YES;
				GCC_OPTIMIZATION_LEVEL = 0;
				GCC_PREPROCESSOR_DEFINITIONS = (
					"DEBUG=1",
					"$(inherited)",
				);
				GCC_WARN_64_TO_32_BIT_CONVERSION = YES;
				GCC_WARN_ABOUT_RETURN_TYPE = YES_ERROR;
				GCC_WARN_UNDECLARED_SELECTOR = YES;
				GCC_WARN_UNINITIALIZED_AUTOS = YES_AGGRESSIVE;
				GCC_WARN_UNUSED_FUNCTION = YES;
				GCC_WARN_UNUSED_VARIABLE = YES;
				IPHONEOS_DEPLOYMENT_TARGET = 10.2;
				MTL_ENABLE_DEBUG_INFO = YES;
				ONLY_ACTIVE_ARCH = YES;
				SDKROOT = iphoneos;
				SWIFT_ACTIVE_COMPILATION_CONDITIONS = DEBUG;
				SWIFT_OPTIMIZATION_LEVEL = "-Onone";
				TARGETED_DEVICE_FAMILY = "1,2";
			};
			name = Debug;
		};
		E31A1F041E5CFFD00003D628 /* Release */ = {
			isa = XCBuildConfiguration;
			buildSettings = {
				ALWAYS_SEARCH_USER_PATHS = NO;
				CLANG_ANALYZER_NONNULL = YES;
				CLANG_CXX_LANGUAGE_STANDARD = "gnu++0x";
				CLANG_CXX_LIBRARY = "libc++";
				CLANG_ENABLE_MODULES = YES;
				CLANG_ENABLE_OBJC_ARC = YES;
				CLANG_WARN_BOOL_CONVERSION = YES;
				CLANG_WARN_CONSTANT_CONVERSION = YES;
				CLANG_WARN_DIRECT_OBJC_ISA_USAGE = YES_ERROR;
				CLANG_WARN_DOCUMENTATION_COMMENTS = YES;
				CLANG_WARN_EMPTY_BODY = YES;
				CLANG_WARN_ENUM_CONVERSION = YES;
				CLANG_WARN_INFINITE_RECURSION = YES;
				CLANG_WARN_INT_CONVERSION = YES;
				CLANG_WARN_OBJC_ROOT_CLASS = YES_ERROR;
				CLANG_WARN_SUSPICIOUS_MOVE = YES;
				CLANG_WARN_UNREACHABLE_CODE = YES;
				CLANG_WARN__DUPLICATE_METHOD_MATCH = YES;
				"CODE_SIGN_IDENTITY[sdk=iphoneos*]" = "iPhone Developer";
				COPY_PHASE_STRIP = NO;
				DEBUG_INFORMATION_FORMAT = "dwarf-with-dsym";
				ENABLE_NS_ASSERTIONS = NO;
				ENABLE_STRICT_OBJC_MSGSEND = YES;
				GCC_C_LANGUAGE_STANDARD = gnu99;
				GCC_NO_COMMON_BLOCKS = YES;
				GCC_WARN_64_TO_32_BIT_CONVERSION = YES;
				GCC_WARN_ABOUT_RETURN_TYPE = YES_ERROR;
				GCC_WARN_UNDECLARED_SELECTOR = YES;
				GCC_WARN_UNINITIALIZED_AUTOS = YES_AGGRESSIVE;
				GCC_WARN_UNUSED_FUNCTION = YES;
				GCC_WARN_UNUSED_VARIABLE = YES;
				IPHONEOS_DEPLOYMENT_TARGET = 10.2;
				MTL_ENABLE_DEBUG_INFO = NO;
				SDKROOT = iphoneos;
				SWIFT_OPTIMIZATION_LEVEL = "-Owholemodule";
				TARGETED_DEVICE_FAMILY = "1,2";
				VALIDATE_PRODUCT = YES;
			};
			name = Release;
		};
		E31A1F061E5CFFD00003D628 /* Debug */ = {
			isa = XCBuildConfiguration;
			buildSettings = {
				ASSETCATALOG_COMPILER_APPICON_NAME = AppIcon;
				DEVELOPMENT_TEAM = K25K4BL7BY;
				FRAMEWORK_SEARCH_PATHS = (
					"$(inherited)",
					"$(PROJECT_DIR)",
				);
				INFOPLIST_FILE = HarmonizeMe/Info.plist;
				LD_RUNPATH_SEARCH_PATHS = "$(inherited) @executable_path/Frameworks";
				PRODUCT_BUNDLE_IDENTIFIER = self.edu.HarmonizeMe;
				PRODUCT_NAME = "$(TARGET_NAME)";
				SWIFT_VERSION = 3.0;
			};
			name = Debug;
		};
		E31A1F071E5CFFD00003D628 /* Release */ = {
			isa = XCBuildConfiguration;
			buildSettings = {
				ASSETCATALOG_COMPILER_APPICON_NAME = AppIcon;
				DEVELOPMENT_TEAM = K25K4BL7BY;
				FRAMEWORK_SEARCH_PATHS = (
					"$(inherited)",
					"$(PROJECT_DIR)",
				);
				INFOPLIST_FILE = HarmonizeMe/Info.plist;
				LD_RUNPATH_SEARCH_PATHS = "$(inherited) @executable_path/Frameworks";
				PRODUCT_BUNDLE_IDENTIFIER = self.edu.HarmonizeMe;
				PRODUCT_NAME = "$(TARGET_NAME)";
				SWIFT_VERSION = 3.0;
			};
			name = Release;
		};
		E31A1F091E5CFFD00003D628 /* Debug */ = {
			isa = XCBuildConfiguration;
			buildSettings = {
				ALWAYS_EMBED_SWIFT_STANDARD_LIBRARIES = YES;
				BUNDLE_LOADER = "$(TEST_HOST)";
				DEVELOPMENT_TEAM = K25K4BL7BY;
				INFOPLIST_FILE = HarmonizeMeTests/Info.plist;
				LD_RUNPATH_SEARCH_PATHS = "$(inherited) @executable_path/Frameworks @loader_path/Frameworks";
				PRODUCT_BUNDLE_IDENTIFIER = self.edu.HarmonizeMeTests;
				PRODUCT_NAME = "$(TARGET_NAME)";
				SWIFT_VERSION = 3.0;
				TEST_HOST = "$(BUILT_PRODUCTS_DIR)/HarmonizeMe.app/HarmonizeMe";
			};
			name = Debug;
		};
		E31A1F0A1E5CFFD00003D628 /* Release */ = {
			isa = XCBuildConfiguration;
			buildSettings = {
				ALWAYS_EMBED_SWIFT_STANDARD_LIBRARIES = YES;
				BUNDLE_LOADER = "$(TEST_HOST)";
				DEVELOPMENT_TEAM = K25K4BL7BY;
				INFOPLIST_FILE = HarmonizeMeTests/Info.plist;
				LD_RUNPATH_SEARCH_PATHS = "$(inherited) @executable_path/Frameworks @loader_path/Frameworks";
				PRODUCT_BUNDLE_IDENTIFIER = self.edu.HarmonizeMeTests;
				PRODUCT_NAME = "$(TARGET_NAME)";
				SWIFT_VERSION = 3.0;
				TEST_HOST = "$(BUILT_PRODUCTS_DIR)/HarmonizeMe.app/HarmonizeMe";
			};
			name = Release;
		};
		E31A1F0C1E5CFFD00003D628 /* Debug */ = {
			isa = XCBuildConfiguration;
			buildSettings = {
				ALWAYS_EMBED_SWIFT_STANDARD_LIBRARIES = YES;
				DEVELOPMENT_TEAM = K25K4BL7BY;
				INFOPLIST_FILE = HarmonizeMeUITests/Info.plist;
				LD_RUNPATH_SEARCH_PATHS = "$(inherited) @executable_path/Frameworks @loader_path/Frameworks";
				PRODUCT_BUNDLE_IDENTIFIER = self.edu.HarmonizeMeUITests;
				PRODUCT_NAME = "$(TARGET_NAME)";
				SWIFT_VERSION = 3.0;
				TEST_TARGET_NAME = HarmonizeMe;
			};
			name = Debug;
		};
		E31A1F0D1E5CFFD00003D628 /* Release */ = {
			isa = XCBuildConfiguration;
			buildSettings = {
				ALWAYS_EMBED_SWIFT_STANDARD_LIBRARIES = YES;
				DEVELOPMENT_TEAM = K25K4BL7BY;
				INFOPLIST_FILE = HarmonizeMeUITests/Info.plist;
				LD_RUNPATH_SEARCH_PATHS = "$(inherited) @executable_path/Frameworks @loader_path/Frameworks";
				PRODUCT_BUNDLE_IDENTIFIER = self.edu.HarmonizeMeUITests;
				PRODUCT_NAME = "$(TARGET_NAME)";
				SWIFT_VERSION = 3.0;
				TEST_TARGET_NAME = HarmonizeMe;
			};
			name = Release;
		};
/* End XCBuildConfiguration section */

/* Begin XCConfigurationList section */
		E31A1ED81E5CFFCF0003D628 /* Build configuration list for PBXProject "HarmonizeMe" */ = {
			isa = XCConfigurationList;
			buildConfigurations = (
				E31A1F031E5CFFD00003D628 /* Debug */,
				E31A1F041E5CFFD00003D628 /* Release */,
			);
			defaultConfigurationIsVisible = 0;
			defaultConfigurationName = Release;
		};
		E31A1F051E5CFFD00003D628 /* Build configuration list for PBXNativeTarget "HarmonizeMe" */ = {
			isa = XCConfigurationList;
			buildConfigurations = (
				E31A1F061E5CFFD00003D628 /* Debug */,
				E31A1F071E5CFFD00003D628 /* Release */,
			);
			defaultConfigurationIsVisible = 0;
			defaultConfigurationName = Release;
		};
		E31A1F081E5CFFD00003D628 /* Build configuration list for PBXNativeTarget "HarmonizeMeTests" */ = {
			isa = XCConfigurationList;
			buildConfigurations = (
				E31A1F091E5CFFD00003D628 /* Debug */,
				E31A1F0A1E5CFFD00003D628 /* Release */,
			);
			defaultConfigurationIsVisible = 0;
			defaultConfigurationName = Release;
		};
		E31A1F0B1E5CFFD00003D628 /* Build configuration list for PBXNativeTarget "HarmonizeMeUITests" */ = {
			isa = XCConfigurationList;
			buildConfigurations = (
				E31A1F0C1E5CFFD00003D628 /* Debug */,
				E31A1F0D1E5CFFD00003D628 /* Release */,
			);
			defaultConfigurationIsVisible = 0;
			defaultConfigurationName = Release;
		};
/* End XCConfigurationList section */
	};
	rootObject = E31A1ED51E5CFFCF0003D628 /* Project object */;
}
