// !$*UTF8*$!
{
	archiveVersion = 1;
	classes = {
	};
	objectVersion = 46;
	objects = {

/* Begin PBXBuildFile section */
		5770DA781E5C98AD0052F9A6 /* PitchConverter.swift in Sources */ = {isa = PBXBuildFile; fileRef = 5770DA771E5C98AD0052F9A6 /* PitchConverter.swift */; };
		5770DA7A1E5C996D0052F9A6 /* NoteSegmenter.swift in Sources */ = {isa = PBXBuildFile; fileRef = 5770DA791E5C996D0052F9A6 /* NoteSegmenter.swift */; };
		5770DA7C1E5C99910052F9A6 /* PitchDetector.swift in Sources */ = {isa = PBXBuildFile; fileRef = 5770DA7B1E5C99910052F9A6 /* PitchDetector.swift */; };
		5781A1B21E544B420098C5A5 /* tatest_Labels.txt in Resources */ = {isa = PBXBuildFile; fileRef = 5781A1AF1E544B420098C5A5 /* tatest_Labels.txt */; };
		5781A1B31E544B420098C5A5 /* tatest.wav in Resources */ = {isa = PBXBuildFile; fileRef = 5781A1B01E544B420098C5A5 /* tatest.wav */; };
		5781A1B41E544B420098C5A5 /* pianotesttrackmono.wav in Resources */ = {isa = PBXBuildFile; fileRef = 5781A1B11E544B420098C5A5 /* pianotesttrackmono.wav */; };
		57C9DE1C1E49689A00BC9590 /* pianotesttrack.mp3 in Resources */ = {isa = PBXBuildFile; fileRef = 57C9DE1B1E49689A00BC9590 /* pianotesttrack.mp3 */; };
		57FCE30D1E48625300115C56 /* AfMajorhigh.mp3 in Resources */ = {isa = PBXBuildFile; fileRef = 57FCE2CE1E48625300115C56 /* AfMajorhigh.mp3 */; };
		57FCE30E1E48625300115C56 /* AfMajorlow.mp3 in Resources */ = {isa = PBXBuildFile; fileRef = 57FCE2CF1E48625300115C56 /* AfMajorlow.mp3 */; };
		57FCE30F1E48625300115C56 /* AfMajormid.mp3 in Resources */ = {isa = PBXBuildFile; fileRef = 57FCE2D01E48625300115C56 /* AfMajormid.mp3 */; };
		57FCE3101E48625300115C56 /* AfMinorhigh.mp3 in Resources */ = {isa = PBXBuildFile; fileRef = 57FCE2D11E48625300115C56 /* AfMinorhigh.mp3 */; };
		57FCE3111E48625300115C56 /* AfMinorlow.mp3 in Resources */ = {isa = PBXBuildFile; fileRef = 57FCE2D21E48625300115C56 /* AfMinorlow.mp3 */; };
		57FCE3121E48625300115C56 /* AfMinormid.mp3 in Resources */ = {isa = PBXBuildFile; fileRef = 57FCE2D31E48625300115C56 /* AfMinormid.mp3 */; };
		57FCE3131E48625300115C56 /* AMajorhigh.mp3 in Resources */ = {isa = PBXBuildFile; fileRef = 57FCE2D41E48625300115C56 /* AMajorhigh.mp3 */; };
		57FCE3141E48625300115C56 /* AMajorlow.mp3 in Resources */ = {isa = PBXBuildFile; fileRef = 57FCE2D51E48625300115C56 /* AMajorlow.mp3 */; };
		57FCE3151E48625300115C56 /* AMajormid.mp3 in Resources */ = {isa = PBXBuildFile; fileRef = 57FCE2D61E48625300115C56 /* AMajormid.mp3 */; };
		57FCE3161E48625300115C56 /* AMinorhigh.mp3 in Resources */ = {isa = PBXBuildFile; fileRef = 57FCE2D71E48625300115C56 /* AMinorhigh.mp3 */; };
		57FCE3171E48625300115C56 /* AMinorlow.mp3 in Resources */ = {isa = PBXBuildFile; fileRef = 57FCE2D81E48625300115C56 /* AMinorlow.mp3 */; };
		57FCE3181E48625300115C56 /* AMinormid.mp3 in Resources */ = {isa = PBXBuildFile; fileRef = 57FCE2D91E48625300115C56 /* AMinormid.mp3 */; };
		57FCE3191E48625300115C56 /* BfMajorhigh.mp3 in Resources */ = {isa = PBXBuildFile; fileRef = 57FCE2DA1E48625300115C56 /* BfMajorhigh.mp3 */; };
		57FCE31A1E48625300115C56 /* BfMajorlow.mp3 in Resources */ = {isa = PBXBuildFile; fileRef = 57FCE2DB1E48625300115C56 /* BfMajorlow.mp3 */; };
		57FCE31B1E48625300115C56 /* BfMajormid.mp3 in Resources */ = {isa = PBXBuildFile; fileRef = 57FCE2DC1E48625300115C56 /* BfMajormid.mp3 */; };
		57FCE31C1E48625300115C56 /* BfMinorlow.mp3 in Resources */ = {isa = PBXBuildFile; fileRef = 57FCE2DD1E48625300115C56 /* BfMinorlow.mp3 */; };
		57FCE31D1E48625300115C56 /* BfMinormid.mp3 in Resources */ = {isa = PBXBuildFile; fileRef = 57FCE2DE1E48625300115C56 /* BfMinormid.mp3 */; };
		57FCE31E1E48625300115C56 /* BMajorlow.mp3 in Resources */ = {isa = PBXBuildFile; fileRef = 57FCE2DF1E48625300115C56 /* BMajorlow.mp3 */; };
		57FCE31F1E48625300115C56 /* BMajormid.mp3 in Resources */ = {isa = PBXBuildFile; fileRef = 57FCE2E01E48625300115C56 /* BMajormid.mp3 */; };
		57FCE3201E48625300115C56 /* BMinorlow.mp3 in Resources */ = {isa = PBXBuildFile; fileRef = 57FCE2E11E48625300115C56 /* BMinorlow.mp3 */; };
		57FCE3211E48625300115C56 /* BMinormid.mp3 in Resources */ = {isa = PBXBuildFile; fileRef = 57FCE2E21E48625300115C56 /* BMinormid.mp3 */; };
		57FCE3221E48625300115C56 /* CMajorhigh.mp3 in Resources */ = {isa = PBXBuildFile; fileRef = 57FCE2E31E48625300115C56 /* CMajorhigh.mp3 */; };
		57FCE3231E48625300115C56 /* CMajormid.mp3 in Resources */ = {isa = PBXBuildFile; fileRef = 57FCE2E41E48625300115C56 /* CMajormid.mp3 */; };
		57FCE3241E48625300115C56 /* CMinorhigh.mp3 in Resources */ = {isa = PBXBuildFile; fileRef = 57FCE2E51E48625300115C56 /* CMinorhigh.mp3 */; };
		57FCE3251E48625300115C56 /* CMinormid.mp3 in Resources */ = {isa = PBXBuildFile; fileRef = 57FCE2E61E48625300115C56 /* CMinormid.mp3 */; };
		57FCE3261E48625300115C56 /* CsMinorhigh.mp3 in Resources */ = {isa = PBXBuildFile; fileRef = 57FCE2E71E48625300115C56 /* CsMinorhigh.mp3 */; };
		57FCE3271E48625300115C56 /* CsMinorlow.mp3 in Resources */ = {isa = PBXBuildFile; fileRef = 57FCE2E81E48625300115C56 /* CsMinorlow.mp3 */; };
		57FCE3281E48625300115C56 /* DfMajorhigh.mp3 in Resources */ = {isa = PBXBuildFile; fileRef = 57FCE2E91E48625300115C56 /* DfMajorhigh.mp3 */; };
		57FCE3291E48625300115C56 /* DfMajormid.mp3 in Resources */ = {isa = PBXBuildFile; fileRef = 57FCE2EA1E48625300115C56 /* DfMajormid.mp3 */; };
		57FCE32A1E48625300115C56 /* DMajorhigh.mp3 in Resources */ = {isa = PBXBuildFile; fileRef = 57FCE2EB1E48625300115C56 /* DMajorhigh.mp3 */; };
		57FCE32B1E48625300115C56 /* DMajormid.mp3 in Resources */ = {isa = PBXBuildFile; fileRef = 57FCE2EC1E48625300115C56 /* DMajormid.mp3 */; };
		57FCE32C1E48625300115C56 /* DMinorhigh.mp3 in Resources */ = {isa = PBXBuildFile; fileRef = 57FCE2ED1E48625300115C56 /* DMinorhigh.mp3 */; };
		57FCE32D1E48625300115C56 /* DMinormid.mp3 in Resources */ = {isa = PBXBuildFile; fileRef = 57FCE2EE1E48625300115C56 /* DMinormid.mp3 */; };
		57FCE32E1E48625300115C56 /* EfMajorhigh.mp3 in Resources */ = {isa = PBXBuildFile; fileRef = 57FCE2EF1E48625300115C56 /* EfMajorhigh.mp3 */; };
		57FCE32F1E48625300115C56 /* EfMajorlow.mp3 in Resources */ = {isa = PBXBuildFile; fileRef = 57FCE2F01E48625300115C56 /* EfMajorlow.mp3 */; };
		57FCE3301E48625300115C56 /* EfMajormid.mp3 in Resources */ = {isa = PBXBuildFile; fileRef = 57FCE2F11E48625300115C56 /* EfMajormid.mp3 */; };
		57FCE3311E48625300115C56 /* EfMinorhigh.mp3 in Resources */ = {isa = PBXBuildFile; fileRef = 57FCE2F21E48625300115C56 /* EfMinorhigh.mp3 */; };
		57FCE3321E48625300115C56 /* EfMinorlow.mp3 in Resources */ = {isa = PBXBuildFile; fileRef = 57FCE2F31E48625300115C56 /* EfMinorlow.mp3 */; };
		57FCE3331E48625300115C56 /* EfMinormid.mp3 in Resources */ = {isa = PBXBuildFile; fileRef = 57FCE2F41E48625300115C56 /* EfMinormid.mp3 */; };
		57FCE3341E48625300115C56 /* EMajorhigh.mp3 in Resources */ = {isa = PBXBuildFile; fileRef = 57FCE2F51E48625300115C56 /* EMajorhigh.mp3 */; };
		57FCE3351E48625300115C56 /* EMajorlow.mp3 in Resources */ = {isa = PBXBuildFile; fileRef = 57FCE2F61E48625300115C56 /* EMajorlow.mp3 */; };
		57FCE3361E48625300115C56 /* EMajormid.mp3 in Resources */ = {isa = PBXBuildFile; fileRef = 57FCE2F71E48625300115C56 /* EMajormid.mp3 */; };
		57FCE3371E48625300115C56 /* EMinorhigh.mp3 in Resources */ = {isa = PBXBuildFile; fileRef = 57FCE2F81E48625300115C56 /* EMinorhigh.mp3 */; };
		57FCE3381E48625300115C56 /* EMinorlow.mp3 in Resources */ = {isa = PBXBuildFile; fileRef = 57FCE2F91E48625300115C56 /* EMinorlow.mp3 */; };
		57FCE3391E48625300115C56 /* EMinormid.mp3 in Resources */ = {isa = PBXBuildFile; fileRef = 57FCE2FA1E48625300115C56 /* EMinormid.mp3 */; };
		57FCE33A1E48625300115C56 /* FMajorhigh.mp3 in Resources */ = {isa = PBXBuildFile; fileRef = 57FCE2FB1E48625300115C56 /* FMajorhigh.mp3 */; };
		57FCE33B1E48625300115C56 /* FMajorlow.mp3 in Resources */ = {isa = PBXBuildFile; fileRef = 57FCE2FC1E48625300115C56 /* FMajorlow.mp3 */; };
		57FCE33C1E48625300115C56 /* FMajormid.mp3 in Resources */ = {isa = PBXBuildFile; fileRef = 57FCE2FD1E48625300115C56 /* FMajormid.mp3 */; };
		57FCE33D1E48625300115C56 /* FMinorhigh.mp3 in Resources */ = {isa = PBXBuildFile; fileRef = 57FCE2FE1E48625300115C56 /* FMinorhigh.mp3 */; };
		57FCE33E1E48625300115C56 /* FMinorlow.mp3 in Resources */ = {isa = PBXBuildFile; fileRef = 57FCE2FF1E48625300115C56 /* FMinorlow.mp3 */; };
		57FCE33F1E48625300115C56 /* FMinormid.mp3 in Resources */ = {isa = PBXBuildFile; fileRef = 57FCE3001E48625300115C56 /* FMinormid.mp3 */; };
		57FCE3401E48625300115C56 /* FsMajorhigh.mp3 in Resources */ = {isa = PBXBuildFile; fileRef = 57FCE3011E48625300115C56 /* FsMajorhigh.mp3 */; };
		57FCE3411E48625300115C56 /* FsMajorlow.mp3 in Resources */ = {isa = PBXBuildFile; fileRef = 57FCE3021E48625300115C56 /* FsMajorlow.mp3 */; };
		57FCE3421E48625300115C56 /* FsMajormid.mp3 in Resources */ = {isa = PBXBuildFile; fileRef = 57FCE3031E48625300115C56 /* FsMajormid.mp3 */; };
		57FCE3431E48625300115C56 /* FsMinorhigh.mp3 in Resources */ = {isa = PBXBuildFile; fileRef = 57FCE3041E48625300115C56 /* FsMinorhigh.mp3 */; };
		57FCE3441E48625300115C56 /* FsMinorlow.mp3 in Resources */ = {isa = PBXBuildFile; fileRef = 57FCE3051E48625300115C56 /* FsMinorlow.mp3 */; };
		57FCE3451E48625300115C56 /* FsMinormid.mp3 in Resources */ = {isa = PBXBuildFile; fileRef = 57FCE3061E48625300115C56 /* FsMinormid.mp3 */; };
		57FCE3461E48625300115C56 /* GMajorhigh.mp3 in Resources */ = {isa = PBXBuildFile; fileRef = 57FCE3071E48625300115C56 /* GMajorhigh.mp3 */; };
		57FCE3471E48625300115C56 /* GMajorlow.mp3 in Resources */ = {isa = PBXBuildFile; fileRef = 57FCE3081E48625300115C56 /* GMajorlow.mp3 */; };
		57FCE3481E48625300115C56 /* GMajormid.mp3 in Resources */ = {isa = PBXBuildFile; fileRef = 57FCE3091E48625300115C56 /* GMajormid.mp3 */; };
		57FCE3491E48625300115C56 /* GMinorhigh.mp3 in Resources */ = {isa = PBXBuildFile; fileRef = 57FCE30A1E48625300115C56 /* GMinorhigh.mp3 */; };
		57FCE34A1E48625300115C56 /* GMinorlow.mp3 in Resources */ = {isa = PBXBuildFile; fileRef = 57FCE30B1E48625300115C56 /* GMinorlow.mp3 */; };
		57FCE34B1E48625300115C56 /* GMinormid.mp3 in Resources */ = {isa = PBXBuildFile; fileRef = 57FCE30C1E48625300115C56 /* GMinormid.mp3 */; };
		57FFA1801E47C6CE006F3E6E /* AppDelegate.swift in Sources */ = {isa = PBXBuildFile; fileRef = 57FFA17F1E47C6CE006F3E6E /* AppDelegate.swift */; };
		57FFA1821E47C6CE006F3E6E /* ViewController.swift in Sources */ = {isa = PBXBuildFile; fileRef = 57FFA1811E47C6CE006F3E6E /* ViewController.swift */; };
		57FFA1851E47C6CE006F3E6E /* Main.storyboard in Resources */ = {isa = PBXBuildFile; fileRef = 57FFA1831E47C6CE006F3E6E /* Main.storyboard */; };
		57FFA1871E47C6CE006F3E6E /* Assets.xcassets in Resources */ = {isa = PBXBuildFile; fileRef = 57FFA1861E47C6CE006F3E6E /* Assets.xcassets */; };
		57FFA18A1E47C6CE006F3E6E /* LaunchScreen.storyboard in Resources */ = {isa = PBXBuildFile; fileRef = 57FFA1881E47C6CE006F3E6E /* LaunchScreen.storyboard */; };
		57FFA1951E47C6CE006F3E6E /* HarmonizeMeAppTests.swift in Sources */ = {isa = PBXBuildFile; fileRef = 57FFA1941E47C6CE006F3E6E /* HarmonizeMeAppTests.swift */; };
		57FFA1A01E47C6CE006F3E6E /* HarmonizeMeAppUITests.swift in Sources */ = {isa = PBXBuildFile; fileRef = 57FFA19F1E47C6CE006F3E6E /* HarmonizeMeAppUITests.swift */; };
		57FFA1AE1E47C6FC006F3E6E /* AudioKit.framework in Frameworks */ = {isa = PBXBuildFile; fileRef = 57FFA1AD1E47C6FC006F3E6E /* AudioKit.framework */; };
		57FFA1AF1E47C6FC006F3E6E /* AudioKit.framework in Embed Frameworks */ = {isa = PBXBuildFile; fileRef = 57FFA1AD1E47C6FC006F3E6E /* AudioKit.framework */; settings = {ATTRIBUTES = (CodeSignOnCopy, RemoveHeadersOnCopy, ); }; };
/* End PBXBuildFile section */

/* Begin PBXContainerItemProxy section */
		57FFA1911E47C6CE006F3E6E /* PBXContainerItemProxy */ = {
			isa = PBXContainerItemProxy;
			containerPortal = 57FFA1741E47C6CE006F3E6E /* Project object */;
			proxyType = 1;
			remoteGlobalIDString = 57FFA17B1E47C6CE006F3E6E;
			remoteInfo = HarmonizeMeApp;
		};
		57FFA19C1E47C6CE006F3E6E /* PBXContainerItemProxy */ = {
			isa = PBXContainerItemProxy;
			containerPortal = 57FFA1741E47C6CE006F3E6E /* Project object */;
			proxyType = 1;
			remoteGlobalIDString = 57FFA17B1E47C6CE006F3E6E;
			remoteInfo = HarmonizeMeApp;
		};
/* End PBXContainerItemProxy section */

/* Begin PBXCopyFilesBuildPhase section */
		57FFA1B01E47C6FC006F3E6E /* Embed Frameworks */ = {
			isa = PBXCopyFilesBuildPhase;
			buildActionMask = 2147483647;
			dstPath = "";
			dstSubfolderSpec = 10;
			files = (
				57FFA1AF1E47C6FC006F3E6E /* AudioKit.framework in Embed Frameworks */,
			);
			name = "Embed Frameworks";
			runOnlyForDeploymentPostprocessing = 0;
		};
/* End PBXCopyFilesBuildPhase section */

/* Begin PBXFileReference section */
		5770DA771E5C98AD0052F9A6 /* PitchConverter.swift */ = {isa = PBXFileReference; fileEncoding = 4; lastKnownFileType = sourcecode.swift; path = PitchConverter.swift; sourceTree = "<group>"; };
		5770DA791E5C996D0052F9A6 /* NoteSegmenter.swift */ = {isa = PBXFileReference; fileEncoding = 4; lastKnownFileType = sourcecode.swift; path = NoteSegmenter.swift; sourceTree = "<group>"; };
		5770DA7B1E5C99910052F9A6 /* PitchDetector.swift */ = {isa = PBXFileReference; fileEncoding = 4; lastKnownFileType = sourcecode.swift; path = PitchDetector.swift; sourceTree = "<group>"; };
		5781A1AF1E544B420098C5A5 /* tatest_Labels.txt */ = {isa = PBXFileReference; fileEncoding = 4; lastKnownFileType = text; path = tatest_Labels.txt; sourceTree = "<group>"; };
		5781A1B01E544B420098C5A5 /* tatest.wav */ = {isa = PBXFileReference; lastKnownFileType = audio.wav; path = tatest.wav; sourceTree = "<group>"; };
		5781A1B11E544B420098C5A5 /* pianotesttrackmono.wav */ = {isa = PBXFileReference; lastKnownFileType = audio.wav; path = pianotesttrackmono.wav; sourceTree = "<group>"; };
		57C9DE1B1E49689A00BC9590 /* pianotesttrack.mp3 */ = {isa = PBXFileReference; lastKnownFileType = audio.mp3; path = pianotesttrack.mp3; sourceTree = "<group>"; };
		57FCE2CE1E48625300115C56 /* AfMajorhigh.mp3 */ = {isa = PBXFileReference; lastKnownFileType = audio.mp3; path = AfMajorhigh.mp3; sourceTree = "<group>"; };
		57FCE2CF1E48625300115C56 /* AfMajorlow.mp3 */ = {isa = PBXFileReference; lastKnownFileType = audio.mp3; path = AfMajorlow.mp3; sourceTree = "<group>"; };
		57FCE2D01E48625300115C56 /* AfMajormid.mp3 */ = {isa = PBXFileReference; lastKnownFileType = audio.mp3; path = AfMajormid.mp3; sourceTree = "<group>"; };
		57FCE2D11E48625300115C56 /* AfMinorhigh.mp3 */ = {isa = PBXFileReference; lastKnownFileType = audio.mp3; path = AfMinorhigh.mp3; sourceTree = "<group>"; };
		57FCE2D21E48625300115C56 /* AfMinorlow.mp3 */ = {isa = PBXFileReference; lastKnownFileType = audio.mp3; path = AfMinorlow.mp3; sourceTree = "<group>"; };
		57FCE2D31E48625300115C56 /* AfMinormid.mp3 */ = {isa = PBXFileReference; lastKnownFileType = audio.mp3; path = AfMinormid.mp3; sourceTree = "<group>"; };
		57FCE2D41E48625300115C56 /* AMajorhigh.mp3 */ = {isa = PBXFileReference; lastKnownFileType = audio.mp3; path = AMajorhigh.mp3; sourceTree = "<group>"; };
		57FCE2D51E48625300115C56 /* AMajorlow.mp3 */ = {isa = PBXFileReference; lastKnownFileType = audio.mp3; path = AMajorlow.mp3; sourceTree = "<group>"; };
		57FCE2D61E48625300115C56 /* AMajormid.mp3 */ = {isa = PBXFileReference; lastKnownFileType = audio.mp3; path = AMajormid.mp3; sourceTree = "<group>"; };
		57FCE2D71E48625300115C56 /* AMinorhigh.mp3 */ = {isa = PBXFileReference; lastKnownFileType = audio.mp3; path = AMinorhigh.mp3; sourceTree = "<group>"; };
		57FCE2D81E48625300115C56 /* AMinorlow.mp3 */ = {isa = PBXFileReference; lastKnownFileType = audio.mp3; path = AMinorlow.mp3; sourceTree = "<group>"; };
		57FCE2D91E48625300115C56 /* AMinormid.mp3 */ = {isa = PBXFileReference; lastKnownFileType = audio.mp3; path = AMinormid.mp3; sourceTree = "<group>"; };
		57FCE2DA1E48625300115C56 /* BfMajorhigh.mp3 */ = {isa = PBXFileReference; lastKnownFileType = audio.mp3; path = BfMajorhigh.mp3; sourceTree = "<group>"; };
		57FCE2DB1E48625300115C56 /* BfMajorlow.mp3 */ = {isa = PBXFileReference; lastKnownFileType = audio.mp3; path = BfMajorlow.mp3; sourceTree = "<group>"; };
		57FCE2DC1E48625300115C56 /* BfMajormid.mp3 */ = {isa = PBXFileReference; lastKnownFileType = audio.mp3; path = BfMajormid.mp3; sourceTree = "<group>"; };
		57FCE2DD1E48625300115C56 /* BfMinorlow.mp3 */ = {isa = PBXFileReference; lastKnownFileType = audio.mp3; path = BfMinorlow.mp3; sourceTree = "<group>"; };
		57FCE2DE1E48625300115C56 /* BfMinormid.mp3 */ = {isa = PBXFileReference; lastKnownFileType = audio.mp3; path = BfMinormid.mp3; sourceTree = "<group>"; };
		57FCE2DF1E48625300115C56 /* BMajorlow.mp3 */ = {isa = PBXFileReference; lastKnownFileType = audio.mp3; path = BMajorlow.mp3; sourceTree = "<group>"; };
		57FCE2E01E48625300115C56 /* BMajormid.mp3 */ = {isa = PBXFileReference; lastKnownFileType = audio.mp3; path = BMajormid.mp3; sourceTree = "<group>"; };
		57FCE2E11E48625300115C56 /* BMinorlow.mp3 */ = {isa = PBXFileReference; lastKnownFileType = audio.mp3; path = BMinorlow.mp3; sourceTree = "<group>"; };
		57FCE2E21E48625300115C56 /* BMinormid.mp3 */ = {isa = PBXFileReference; lastKnownFileType = audio.mp3; path = BMinormid.mp3; sourceTree = "<group>"; };
		57FCE2E31E48625300115C56 /* CMajorhigh.mp3 */ = {isa = PBXFileReference; lastKnownFileType = audio.mp3; path = CMajorhigh.mp3; sourceTree = "<group>"; };
		57FCE2E41E48625300115C56 /* CMajormid.mp3 */ = {isa = PBXFileReference; lastKnownFileType = audio.mp3; path = CMajormid.mp3; sourceTree = "<group>"; };
		57FCE2E51E48625300115C56 /* CMinorhigh.mp3 */ = {isa = PBXFileReference; lastKnownFileType = audio.mp3; path = CMinorhigh.mp3; sourceTree = "<group>"; };
		57FCE2E61E48625300115C56 /* CMinormid.mp3 */ = {isa = PBXFileReference; lastKnownFileType = audio.mp3; path = CMinormid.mp3; sourceTree = "<group>"; };
		57FCE2E71E48625300115C56 /* CsMinorhigh.mp3 */ = {isa = PBXFileReference; lastKnownFileType = audio.mp3; path = CsMinorhigh.mp3; sourceTree = "<group>"; };
		57FCE2E81E48625300115C56 /* CsMinorlow.mp3 */ = {isa = PBXFileReference; lastKnownFileType = audio.mp3; path = CsMinorlow.mp3; sourceTree = "<group>"; };
		57FCE2E91E48625300115C56 /* DfMajorhigh.mp3 */ = {isa = PBXFileReference; lastKnownFileType = audio.mp3; path = DfMajorhigh.mp3; sourceTree = "<group>"; };
		57FCE2EA1E48625300115C56 /* DfMajormid.mp3 */ = {isa = PBXFileReference; lastKnownFileType = audio.mp3; path = DfMajormid.mp3; sourceTree = "<group>"; };
		57FCE2EB1E48625300115C56 /* DMajorhigh.mp3 */ = {isa = PBXFileReference; lastKnownFileType = audio.mp3; path = DMajorhigh.mp3; sourceTree = "<group>"; };
		57FCE2EC1E48625300115C56 /* DMajormid.mp3 */ = {isa = PBXFileReference; lastKnownFileType = audio.mp3; path = DMajormid.mp3; sourceTree = "<group>"; };
		57FCE2ED1E48625300115C56 /* DMinorhigh.mp3 */ = {isa = PBXFileReference; lastKnownFileType = audio.mp3; path = DMinorhigh.mp3; sourceTree = "<group>"; };
		57FCE2EE1E48625300115C56 /* DMinormid.mp3 */ = {isa = PBXFileReference; lastKnownFileType = audio.mp3; path = DMinormid.mp3; sourceTree = "<group>"; };
		57FCE2EF1E48625300115C56 /* EfMajorhigh.mp3 */ = {isa = PBXFileReference; lastKnownFileType = audio.mp3; path = EfMajorhigh.mp3; sourceTree = "<group>"; };
		57FCE2F01E48625300115C56 /* EfMajorlow.mp3 */ = {isa = PBXFileReference; lastKnownFileType = audio.mp3; path = EfMajorlow.mp3; sourceTree = "<group>"; };
		57FCE2F11E48625300115C56 /* EfMajormid.mp3 */ = {isa = PBXFileReference; lastKnownFileType = audio.mp3; path = EfMajormid.mp3; sourceTree = "<group>"; };
		57FCE2F21E48625300115C56 /* EfMinorhigh.mp3 */ = {isa = PBXFileReference; lastKnownFileType = audio.mp3; path = EfMinorhigh.mp3; sourceTree = "<group>"; };
		57FCE2F31E48625300115C56 /* EfMinorlow.mp3 */ = {isa = PBXFileReference; lastKnownFileType = audio.mp3; path = EfMinorlow.mp3; sourceTree = "<group>"; };
		57FCE2F41E48625300115C56 /* EfMinormid.mp3 */ = {isa = PBXFileReference; lastKnownFileType = audio.mp3; path = EfMinormid.mp3; sourceTree = "<group>"; };
		57FCE2F51E48625300115C56 /* EMajorhigh.mp3 */ = {isa = PBXFileReference; lastKnownFileType = audio.mp3; path = EMajorhigh.mp3; sourceTree = "<group>"; };
		57FCE2F61E48625300115C56 /* EMajorlow.mp3 */ = {isa = PBXFileReference; lastKnownFileType = audio.mp3; path = EMajorlow.mp3; sourceTree = "<group>"; };
		57FCE2F71E48625300115C56 /* EMajormid.mp3 */ = {isa = PBXFileReference; lastKnownFileType = audio.mp3; path = EMajormid.mp3; sourceTree = "<group>"; };
		57FCE2F81E48625300115C56 /* EMinorhigh.mp3 */ = {isa = PBXFileReference; lastKnownFileType = audio.mp3; path = EMinorhigh.mp3; sourceTree = "<group>"; };
		57FCE2F91E48625300115C56 /* EMinorlow.mp3 */ = {isa = PBXFileReference; lastKnownFileType = audio.mp3; path = EMinorlow.mp3; sourceTree = "<group>"; };
		57FCE2FA1E48625300115C56 /* EMinormid.mp3 */ = {isa = PBXFileReference; lastKnownFileType = audio.mp3; path = EMinormid.mp3; sourceTree = "<group>"; };
		57FCE2FB1E48625300115C56 /* FMajorhigh.mp3 */ = {isa = PBXFileReference; lastKnownFileType = audio.mp3; path = FMajorhigh.mp3; sourceTree = "<group>"; };
		57FCE2FC1E48625300115C56 /* FMajorlow.mp3 */ = {isa = PBXFileReference; lastKnownFileType = audio.mp3; path = FMajorlow.mp3; sourceTree = "<group>"; };
		57FCE2FD1E48625300115C56 /* FMajormid.mp3 */ = {isa = PBXFileReference; lastKnownFileType = audio.mp3; path = FMajormid.mp3; sourceTree = "<group>"; };
		57FCE2FE1E48625300115C56 /* FMinorhigh.mp3 */ = {isa = PBXFileReference; lastKnownFileType = audio.mp3; path = FMinorhigh.mp3; sourceTree = "<group>"; };
		57FCE2FF1E48625300115C56 /* FMinorlow.mp3 */ = {isa = PBXFileReference; lastKnownFileType = audio.mp3; path = FMinorlow.mp3; sourceTree = "<group>"; };
		57FCE3001E48625300115C56 /* FMinormid.mp3 */ = {isa = PBXFileReference; lastKnownFileType = audio.mp3; path = FMinormid.mp3; sourceTree = "<group>"; };
		57FCE3011E48625300115C56 /* FsMajorhigh.mp3 */ = {isa = PBXFileReference; lastKnownFileType = audio.mp3; path = FsMajorhigh.mp3; sourceTree = "<group>"; };
		57FCE3021E48625300115C56 /* FsMajorlow.mp3 */ = {isa = PBXFileReference; lastKnownFileType = audio.mp3; path = FsMajorlow.mp3; sourceTree = "<group>"; };
		57FCE3031E48625300115C56 /* FsMajormid.mp3 */ = {isa = PBXFileReference; lastKnownFileType = audio.mp3; path = FsMajormid.mp3; sourceTree = "<group>"; };
		57FCE3041E48625300115C56 /* FsMinorhigh.mp3 */ = {isa = PBXFileReference; lastKnownFileType = audio.mp3; path = FsMinorhigh.mp3; sourceTree = "<group>"; };
		57FCE3051E48625300115C56 /* FsMinorlow.mp3 */ = {isa = PBXFileReference; lastKnownFileType = audio.mp3; path = FsMinorlow.mp3; sourceTree = "<group>"; };
		57FCE3061E48625300115C56 /* FsMinormid.mp3 */ = {isa = PBXFileReference; lastKnownFileType = audio.mp3; path = FsMinormid.mp3; sourceTree = "<group>"; };
		57FCE3071E48625300115C56 /* GMajorhigh.mp3 */ = {isa = PBXFileReference; lastKnownFileType = audio.mp3; path = GMajorhigh.mp3; sourceTree = "<group>"; };
		57FCE3081E48625300115C56 /* GMajorlow.mp3 */ = {isa = PBXFileReference; lastKnownFileType = audio.mp3; path = GMajorlow.mp3; sourceTree = "<group>"; };
		57FCE3091E48625300115C56 /* GMajormid.mp3 */ = {isa = PBXFileReference; lastKnownFileType = audio.mp3; path = GMajormid.mp3; sourceTree = "<group>"; };
		57FCE30A1E48625300115C56 /* GMinorhigh.mp3 */ = {isa = PBXFileReference; lastKnownFileType = audio.mp3; path = GMinorhigh.mp3; sourceTree = "<group>"; };
		57FCE30B1E48625300115C56 /* GMinorlow.mp3 */ = {isa = PBXFileReference; lastKnownFileType = audio.mp3; path = GMinorlow.mp3; sourceTree = "<group>"; };
		57FCE30C1E48625300115C56 /* GMinormid.mp3 */ = {isa = PBXFileReference; lastKnownFileType = audio.mp3; path = GMinormid.mp3; sourceTree = "<group>"; };
		57FFA17C1E47C6CE006F3E6E /* HarmonizeMeApp.app */ = {isa = PBXFileReference; explicitFileType = wrapper.application; includeInIndex = 0; path = HarmonizeMeApp.app; sourceTree = BUILT_PRODUCTS_DIR; };
		57FFA17F1E47C6CE006F3E6E /* AppDelegate.swift */ = {isa = PBXFileReference; lastKnownFileType = sourcecode.swift; path = AppDelegate.swift; sourceTree = "<group>"; };
		57FFA1811E47C6CE006F3E6E /* ViewController.swift */ = {isa = PBXFileReference; lastKnownFileType = sourcecode.swift; path = ViewController.swift; sourceTree = "<group>"; };
		57FFA1841E47C6CE006F3E6E /* Base */ = {isa = PBXFileReference; lastKnownFileType = file.storyboard; name = Base; path = Base.lproj/Main.storyboard; sourceTree = "<group>"; };
		57FFA1861E47C6CE006F3E6E /* Assets.xcassets */ = {isa = PBXFileReference; lastKnownFileType = folder.assetcatalog; path = Assets.xcassets; sourceTree = "<group>"; };
		57FFA1891E47C6CE006F3E6E /* Base */ = {isa = PBXFileReference; lastKnownFileType = file.storyboard; name = Base; path = Base.lproj/LaunchScreen.storyboard; sourceTree = "<group>"; };
		57FFA18B1E47C6CE006F3E6E /* Info.plist */ = {isa = PBXFileReference; lastKnownFileType = text.plist.xml; path = Info.plist; sourceTree = "<group>"; };
		57FFA1901E47C6CE006F3E6E /* HarmonizeMeAppTests.xctest */ = {isa = PBXFileReference; explicitFileType = wrapper.cfbundle; includeInIndex = 0; path = HarmonizeMeAppTests.xctest; sourceTree = BUILT_PRODUCTS_DIR; };
		57FFA1941E47C6CE006F3E6E /* HarmonizeMeAppTests.swift */ = {isa = PBXFileReference; lastKnownFileType = sourcecode.swift; path = HarmonizeMeAppTests.swift; sourceTree = "<group>"; };
		57FFA1961E47C6CE006F3E6E /* Info.plist */ = {isa = PBXFileReference; lastKnownFileType = text.plist.xml; path = Info.plist; sourceTree = "<group>"; };
		57FFA19B1E47C6CE006F3E6E /* HarmonizeMeAppUITests.xctest */ = {isa = PBXFileReference; explicitFileType = wrapper.cfbundle; includeInIndex = 0; path = HarmonizeMeAppUITests.xctest; sourceTree = BUILT_PRODUCTS_DIR; };
		57FFA19F1E47C6CE006F3E6E /* HarmonizeMeAppUITests.swift */ = {isa = PBXFileReference; lastKnownFileType = sourcecode.swift; path = HarmonizeMeAppUITests.swift; sourceTree = "<group>"; };
		57FFA1A11E47C6CE006F3E6E /* Info.plist */ = {isa = PBXFileReference; lastKnownFileType = text.plist.xml; path = Info.plist; sourceTree = "<group>"; };
		57FFA1AD1E47C6FC006F3E6E /* AudioKit.framework */ = {isa = PBXFileReference; lastKnownFileType = wrapper.framework; path = AudioKit.framework; sourceTree = "<group>"; };
/* End PBXFileReference section */

/* Begin PBXFrameworksBuildPhase section */
		57FFA1791E47C6CE006F3E6E /* Frameworks */ = {
			isa = PBXFrameworksBuildPhase;
			buildActionMask = 2147483647;
			files = (
				57FFA1AE1E47C6FC006F3E6E /* AudioKit.framework in Frameworks */,
			);
			runOnlyForDeploymentPostprocessing = 0;
		};
		57FFA18D1E47C6CE006F3E6E /* Frameworks */ = {
			isa = PBXFrameworksBuildPhase;
			buildActionMask = 2147483647;
			files = (
			);
			runOnlyForDeploymentPostprocessing = 0;
		};
		57FFA1981E47C6CE006F3E6E /* Frameworks */ = {
			isa = PBXFrameworksBuildPhase;
			buildActionMask = 2147483647;
			files = (
			);
			runOnlyForDeploymentPostprocessing = 0;
		};
/* End PBXFrameworksBuildPhase section */

/* Begin PBXGroup section */
		57FCE2CD1E48625300115C56 /* Resources */ = {
			isa = PBXGroup;
			children = (
				5781A1AF1E544B420098C5A5 /* tatest_Labels.txt */,
				5781A1B01E544B420098C5A5 /* tatest.wav */,
				5781A1B11E544B420098C5A5 /* pianotesttrackmono.wav */,
				57C9DE1B1E49689A00BC9590 /* pianotesttrack.mp3 */,
				57FCE2CE1E48625300115C56 /* AfMajorhigh.mp3 */,
				57FCE2CF1E48625300115C56 /* AfMajorlow.mp3 */,
				57FCE2D01E48625300115C56 /* AfMajormid.mp3 */,
				57FCE2D11E48625300115C56 /* AfMinorhigh.mp3 */,
				57FCE2D21E48625300115C56 /* AfMinorlow.mp3 */,
				57FCE2D31E48625300115C56 /* AfMinormid.mp3 */,
				57FCE2D41E48625300115C56 /* AMajorhigh.mp3 */,
				57FCE2D51E48625300115C56 /* AMajorlow.mp3 */,
				57FCE2D61E48625300115C56 /* AMajormid.mp3 */,
				57FCE2D71E48625300115C56 /* AMinorhigh.mp3 */,
				57FCE2D81E48625300115C56 /* AMinorlow.mp3 */,
				57FCE2D91E48625300115C56 /* AMinormid.mp3 */,
				57FCE2DA1E48625300115C56 /* BfMajorhigh.mp3 */,
				57FCE2DB1E48625300115C56 /* BfMajorlow.mp3 */,
				57FCE2DC1E48625300115C56 /* BfMajormid.mp3 */,
				57FCE2DD1E48625300115C56 /* BfMinorlow.mp3 */,
				57FCE2DE1E48625300115C56 /* BfMinormid.mp3 */,
				57FCE2DF1E48625300115C56 /* BMajorlow.mp3 */,
				57FCE2E01E48625300115C56 /* BMajormid.mp3 */,
				57FCE2E11E48625300115C56 /* BMinorlow.mp3 */,
				57FCE2E21E48625300115C56 /* BMinormid.mp3 */,
				57FCE2E31E48625300115C56 /* CMajorhigh.mp3 */,
				57FCE2E41E48625300115C56 /* CMajormid.mp3 */,
				57FCE2E51E48625300115C56 /* CMinorhigh.mp3 */,
				57FCE2E61E48625300115C56 /* CMinormid.mp3 */,
				57FCE2E71E48625300115C56 /* CsMinorhigh.mp3 */,
				57FCE2E81E48625300115C56 /* CsMinorlow.mp3 */,
				57FCE2E91E48625300115C56 /* DfMajorhigh.mp3 */,
				57FCE2EA1E48625300115C56 /* DfMajormid.mp3 */,
				57FCE2EB1E48625300115C56 /* DMajorhigh.mp3 */,
				57FCE2EC1E48625300115C56 /* DMajormid.mp3 */,
				57FCE2ED1E48625300115C56 /* DMinorhigh.mp3 */,
				57FCE2EE1E48625300115C56 /* DMinormid.mp3 */,
				57FCE2EF1E48625300115C56 /* EfMajorhigh.mp3 */,
				57FCE2F01E48625300115C56 /* EfMajorlow.mp3 */,
				57FCE2F11E48625300115C56 /* EfMajormid.mp3 */,
				57FCE2F21E48625300115C56 /* EfMinorhigh.mp3 */,
				57FCE2F31E48625300115C56 /* EfMinorlow.mp3 */,
				57FCE2F41E48625300115C56 /* EfMinormid.mp3 */,
				57FCE2F51E48625300115C56 /* EMajorhigh.mp3 */,
				57FCE2F61E48625300115C56 /* EMajorlow.mp3 */,
				57FCE2F71E48625300115C56 /* EMajormid.mp3 */,
				57FCE2F81E48625300115C56 /* EMinorhigh.mp3 */,
				57FCE2F91E48625300115C56 /* EMinorlow.mp3 */,
				57FCE2FA1E48625300115C56 /* EMinormid.mp3 */,
				57FCE2FB1E48625300115C56 /* FMajorhigh.mp3 */,
				57FCE2FC1E48625300115C56 /* FMajorlow.mp3 */,
				57FCE2FD1E48625300115C56 /* FMajormid.mp3 */,
				57FCE2FE1E48625300115C56 /* FMinorhigh.mp3 */,
				57FCE2FF1E48625300115C56 /* FMinorlow.mp3 */,
				57FCE3001E48625300115C56 /* FMinormid.mp3 */,
				57FCE3011E48625300115C56 /* FsMajorhigh.mp3 */,
				57FCE3021E48625300115C56 /* FsMajorlow.mp3 */,
				57FCE3031E48625300115C56 /* FsMajormid.mp3 */,
				57FCE3041E48625300115C56 /* FsMinorhigh.mp3 */,
				57FCE3051E48625300115C56 /* FsMinorlow.mp3 */,
				57FCE3061E48625300115C56 /* FsMinormid.mp3 */,
				57FCE3071E48625300115C56 /* GMajorhigh.mp3 */,
				57FCE3081E48625300115C56 /* GMajorlow.mp3 */,
				57FCE3091E48625300115C56 /* GMajormid.mp3 */,
				57FCE30A1E48625300115C56 /* GMinorhigh.mp3 */,
				57FCE30B1E48625300115C56 /* GMinorlow.mp3 */,
				57FCE30C1E48625300115C56 /* GMinormid.mp3 */,
			);
			path = Resources;
			sourceTree = "<group>";
		};
		57FFA1731E47C6CE006F3E6E = {
			isa = PBXGroup;
			children = (
				57FCE2CD1E48625300115C56 /* Resources */,
				57FFA1AD1E47C6FC006F3E6E /* AudioKit.framework */,
				57FFA17E1E47C6CE006F3E6E /* HarmonizeMeApp */,
				57FFA1931E47C6CE006F3E6E /* HarmonizeMeAppTests */,
				57FFA19E1E47C6CE006F3E6E /* HarmonizeMeAppUITests */,
				57FFA17D1E47C6CE006F3E6E /* Products */,
			);
			sourceTree = "<group>";
		};
		57FFA17D1E47C6CE006F3E6E /* Products */ = {
			isa = PBXGroup;
			children = (
				57FFA17C1E47C6CE006F3E6E /* HarmonizeMeApp.app */,
				57FFA1901E47C6CE006F3E6E /* HarmonizeMeAppTests.xctest */,
				57FFA19B1E47C6CE006F3E6E /* HarmonizeMeAppUITests.xctest */,
			);
			name = Products;
			sourceTree = "<group>";
		};
		57FFA17E1E47C6CE006F3E6E /* HarmonizeMeApp */ = {
			isa = PBXGroup;
			children = (
				57FFA17F1E47C6CE006F3E6E /* AppDelegate.swift */,
				57FFA1831E47C6CE006F3E6E /* Main.storyboard */,
				57FFA1811E47C6CE006F3E6E /* ViewController.swift */,
				57FFA1861E47C6CE006F3E6E /* Assets.xcassets */,
				57FFA1881E47C6CE006F3E6E /* LaunchScreen.storyboard */,
				57FFA18B1E47C6CE006F3E6E /* Info.plist */,
				5770DA771E5C98AD0052F9A6 /* PitchConverter.swift */,
				5770DA791E5C996D0052F9A6 /* NoteSegmenter.swift */,
				5770DA7B1E5C99910052F9A6 /* PitchDetector.swift */,
			);
			path = HarmonizeMeApp;
			sourceTree = "<group>";
		};
		57FFA1931E47C6CE006F3E6E /* HarmonizeMeAppTests */ = {
			isa = PBXGroup;
			children = (
				57FFA1941E47C6CE006F3E6E /* HarmonizeMeAppTests.swift */,
				57FFA1961E47C6CE006F3E6E /* Info.plist */,
			);
			path = HarmonizeMeAppTests;
			sourceTree = "<group>";
		};
		57FFA19E1E47C6CE006F3E6E /* HarmonizeMeAppUITests */ = {
			isa = PBXGroup;
			children = (
				57FFA19F1E47C6CE006F3E6E /* HarmonizeMeAppUITests.swift */,
				57FFA1A11E47C6CE006F3E6E /* Info.plist */,
			);
			path = HarmonizeMeAppUITests;
			sourceTree = "<group>";
		};
/* End PBXGroup section */

/* Begin PBXNativeTarget section */
		57FFA17B1E47C6CE006F3E6E /* HarmonizeMeApp */ = {
			isa = PBXNativeTarget;
			buildConfigurationList = 57FFA1A41E47C6CE006F3E6E /* Build configuration list for PBXNativeTarget "HarmonizeMeApp" */;
			buildPhases = (
				57FFA1781E47C6CE006F3E6E /* Sources */,
				57FFA1791E47C6CE006F3E6E /* Frameworks */,
				57FFA17A1E47C6CE006F3E6E /* Resources */,
				57FFA1B01E47C6FC006F3E6E /* Embed Frameworks */,
			);
			buildRules = (
			);
			dependencies = (
			);
			name = HarmonizeMeApp;
			productName = HarmonizeMeApp;
			productReference = 57FFA17C1E47C6CE006F3E6E /* HarmonizeMeApp.app */;
			productType = "com.apple.product-type.application";
		};
		57FFA18F1E47C6CE006F3E6E /* HarmonizeMeAppTests */ = {
			isa = PBXNativeTarget;
			buildConfigurationList = 57FFA1A71E47C6CE006F3E6E /* Build configuration list for PBXNativeTarget "HarmonizeMeAppTests" */;
			buildPhases = (
				57FFA18C1E47C6CE006F3E6E /* Sources */,
				57FFA18D1E47C6CE006F3E6E /* Frameworks */,
				57FFA18E1E47C6CE006F3E6E /* Resources */,
			);
			buildRules = (
			);
			dependencies = (
				57FFA1921E47C6CE006F3E6E /* PBXTargetDependency */,
			);
			name = HarmonizeMeAppTests;
			productName = HarmonizeMeAppTests;
			productReference = 57FFA1901E47C6CE006F3E6E /* HarmonizeMeAppTests.xctest */;
			productType = "com.apple.product-type.bundle.unit-test";
		};
		57FFA19A1E47C6CE006F3E6E /* HarmonizeMeAppUITests */ = {
			isa = PBXNativeTarget;
			buildConfigurationList = 57FFA1AA1E47C6CE006F3E6E /* Build configuration list for PBXNativeTarget "HarmonizeMeAppUITests" */;
			buildPhases = (
				57FFA1971E47C6CE006F3E6E /* Sources */,
				57FFA1981E47C6CE006F3E6E /* Frameworks */,
				57FFA1991E47C6CE006F3E6E /* Resources */,
			);
			buildRules = (
			);
			dependencies = (
				57FFA19D1E47C6CE006F3E6E /* PBXTargetDependency */,
			);
			name = HarmonizeMeAppUITests;
			productName = HarmonizeMeAppUITests;
			productReference = 57FFA19B1E47C6CE006F3E6E /* HarmonizeMeAppUITests.xctest */;
			productType = "com.apple.product-type.bundle.ui-testing";
		};
/* End PBXNativeTarget section */

/* Begin PBXProject section */
		57FFA1741E47C6CE006F3E6E /* Project object */ = {
			isa = PBXProject;
			attributes = {
				LastSwiftUpdateCheck = 0820;
				LastUpgradeCheck = 0820;
				ORGANIZATIONNAME = "Alex Fang";
				TargetAttributes = {
					57FFA17B1E47C6CE006F3E6E = {
						CreatedOnToolsVersion = 8.2.1;
						DevelopmentTeam = J6QPQ6HS25;
						ProvisioningStyle = Automatic;
					};
					57FFA18F1E47C6CE006F3E6E = {
						CreatedOnToolsVersion = 8.2.1;
						DevelopmentTeam = J6QPQ6HS25;
						ProvisioningStyle = Automatic;
						TestTargetID = 57FFA17B1E47C6CE006F3E6E;
					};
					57FFA19A1E47C6CE006F3E6E = {
						CreatedOnToolsVersion = 8.2.1;
						DevelopmentTeam = J6QPQ6HS25;
						ProvisioningStyle = Automatic;
						TestTargetID = 57FFA17B1E47C6CE006F3E6E;
					};
				};
			};
			buildConfigurationList = 57FFA1771E47C6CE006F3E6E /* Build configuration list for PBXProject "HarmonizeMeApp" */;
			compatibilityVersion = "Xcode 3.2";
			developmentRegion = English;
			hasScannedForEncodings = 0;
			knownRegions = (
				en,
				Base,
			);
			mainGroup = 57FFA1731E47C6CE006F3E6E;
			productRefGroup = 57FFA17D1E47C6CE006F3E6E /* Products */;
			projectDirPath = "";
			projectRoot = "";
			targets = (
				57FFA17B1E47C6CE006F3E6E /* HarmonizeMeApp */,
				57FFA18F1E47C6CE006F3E6E /* HarmonizeMeAppTests */,
				57FFA19A1E47C6CE006F3E6E /* HarmonizeMeAppUITests */,
			);
		};
/* End PBXProject section */

/* Begin PBXResourcesBuildPhase section */
		57FFA17A1E47C6CE006F3E6E /* Resources */ = {
			isa = PBXResourcesBuildPhase;
			buildActionMask = 2147483647;
			files = (
				57FCE3121E48625300115C56 /* AfMinormid.mp3 in Resources */,
				5781A1B41E544B420098C5A5 /* pianotesttrackmono.wav in Resources */,
				57FCE31C1E48625300115C56 /* BfMinorlow.mp3 in Resources */,
				57FCE3261E48625300115C56 /* CsMinorhigh.mp3 in Resources */,
				57FCE3171E48625300115C56 /* AMinorlow.mp3 in Resources */,
				57FCE32C1E48625300115C56 /* DMinorhigh.mp3 in Resources */,
				57FCE33E1E48625300115C56 /* FMinorlow.mp3 in Resources */,
				57FFA18A1E47C6CE006F3E6E /* LaunchScreen.storyboard in Resources */,
				57FCE32D1E48625300115C56 /* DMinormid.mp3 in Resources */,
				57FCE3451E48625300115C56 /* FsMinormid.mp3 in Resources */,
				57FCE30E1E48625300115C56 /* AfMajorlow.mp3 in Resources */,
				57FCE3151E48625300115C56 /* AMajormid.mp3 in Resources */,
				57C9DE1C1E49689A00BC9590 /* pianotesttrack.mp3 in Resources */,
				57FCE31A1E48625300115C56 /* BfMajorlow.mp3 in Resources */,
				57FCE33B1E48625300115C56 /* FMajorlow.mp3 in Resources */,
				57FCE34B1E48625300115C56 /* GMinormid.mp3 in Resources */,
				57FCE3331E48625300115C56 /* EfMinormid.mp3 in Resources */,
				57FCE3361E48625300115C56 /* EMajormid.mp3 in Resources */,
				57FCE3111E48625300115C56 /* AfMinorlow.mp3 in Resources */,
				57FCE3291E48625300115C56 /* DfMajormid.mp3 in Resources */,
				57FCE3131E48625300115C56 /* AMajorhigh.mp3 in Resources */,
				57FCE33C1E48625300115C56 /* FMajormid.mp3 in Resources */,
				57FCE3281E48625300115C56 /* DfMajorhigh.mp3 in Resources */,
				57FCE3481E48625300115C56 /* GMajormid.mp3 in Resources */,
				57FCE3421E48625300115C56 /* FsMajormid.mp3 in Resources */,
				57FCE3101E48625300115C56 /* AfMinorhigh.mp3 in Resources */,
				57FCE33D1E48625300115C56 /* FMinorhigh.mp3 in Resources */,
				57FCE3181E48625300115C56 /* AMinormid.mp3 in Resources */,
				57FCE3161E48625300115C56 /* AMinorhigh.mp3 in Resources */,
				57FCE3471E48625300115C56 /* GMajorlow.mp3 in Resources */,
				57FCE3381E48625300115C56 /* EMinorlow.mp3 in Resources */,
				57FCE34A1E48625300115C56 /* GMinorlow.mp3 in Resources */,
				57FCE33F1E48625300115C56 /* FMinormid.mp3 in Resources */,
				57FCE33A1E48625300115C56 /* FMajorhigh.mp3 in Resources */,
				57FCE32A1E48625300115C56 /* DMajorhigh.mp3 in Resources */,
				57FCE3211E48625300115C56 /* BMinormid.mp3 in Resources */,
				57FCE3431E48625300115C56 /* FsMinorhigh.mp3 in Resources */,
				57FCE3251E48625300115C56 /* CMinormid.mp3 in Resources */,
				57FCE31F1E48625300115C56 /* BMajormid.mp3 in Resources */,
				57FCE3441E48625300115C56 /* FsMinorlow.mp3 in Resources */,
				57FCE3311E48625300115C56 /* EfMinorhigh.mp3 in Resources */,
				57FCE3371E48625300115C56 /* EMinorhigh.mp3 in Resources */,
				57FCE3201E48625300115C56 /* BMinorlow.mp3 in Resources */,
				57FCE3231E48625300115C56 /* CMajormid.mp3 in Resources */,
				57FCE3341E48625300115C56 /* EMajorhigh.mp3 in Resources */,
				57FCE3141E48625300115C56 /* AMajorlow.mp3 in Resources */,
				57FCE3321E48625300115C56 /* EfMinorlow.mp3 in Resources */,
				5781A1B21E544B420098C5A5 /* tatest_Labels.txt in Resources */,
				57FCE32E1E48625300115C56 /* EfMajorhigh.mp3 in Resources */,
				57FCE30D1E48625300115C56 /* AfMajorhigh.mp3 in Resources */,
				57FCE3461E48625300115C56 /* GMajorhigh.mp3 in Resources */,
				57FCE31B1E48625300115C56 /* BfMajormid.mp3 in Resources */,
				57FCE31D1E48625300115C56 /* BfMinormid.mp3 in Resources */,
				57FFA1871E47C6CE006F3E6E /* Assets.xcassets in Resources */,
				5781A1B31E544B420098C5A5 /* tatest.wav in Resources */,
				57FCE30F1E48625300115C56 /* AfMajormid.mp3 in Resources */,
				57FCE3301E48625300115C56 /* EfMajormid.mp3 in Resources */,
				57FCE32F1E48625300115C56 /* EfMajorlow.mp3 in Resources */,
				57FCE3191E48625300115C56 /* BfMajorhigh.mp3 in Resources */,
				57FCE32B1E48625300115C56 /* DMajormid.mp3 in Resources */,
				57FCE3401E48625300115C56 /* FsMajorhigh.mp3 in Resources */,
				57FCE3411E48625300115C56 /* FsMajorlow.mp3 in Resources */,
				57FCE3491E48625300115C56 /* GMinorhigh.mp3 in Resources */,
				57FCE3241E48625300115C56 /* CMinorhigh.mp3 in Resources */,
				57FCE3351E48625300115C56 /* EMajorlow.mp3 in Resources */,
				57FCE31E1E48625300115C56 /* BMajorlow.mp3 in Resources */,
				57FFA1851E47C6CE006F3E6E /* Main.storyboard in Resources */,
				57FCE3221E48625300115C56 /* CMajorhigh.mp3 in Resources */,
				57FCE3271E48625300115C56 /* CsMinorlow.mp3 in Resources */,
				57FCE3391E48625300115C56 /* EMinormid.mp3 in Resources */,
			);
			runOnlyForDeploymentPostprocessing = 0;
		};
		57FFA18E1E47C6CE006F3E6E /* Resources */ = {
			isa = PBXResourcesBuildPhase;
			buildActionMask = 2147483647;
			files = (
			);
			runOnlyForDeploymentPostprocessing = 0;
		};
		57FFA1991E47C6CE006F3E6E /* Resources */ = {
			isa = PBXResourcesBuildPhase;
			buildActionMask = 2147483647;
			files = (
			);
			runOnlyForDeploymentPostprocessing = 0;
		};
/* End PBXResourcesBuildPhase section */

/* Begin PBXSourcesBuildPhase section */
		57FFA1781E47C6CE006F3E6E /* Sources */ = {
			isa = PBXSourcesBuildPhase;
			buildActionMask = 2147483647;
			files = (
				5770DA7C1E5C99910052F9A6 /* PitchDetector.swift in Sources */,
				57FFA1821E47C6CE006F3E6E /* ViewController.swift in Sources */,
				5770DA781E5C98AD0052F9A6 /* PitchConverter.swift in Sources */,
				5770DA7A1E5C996D0052F9A6 /* NoteSegmenter.swift in Sources */,
				57FFA1801E47C6CE006F3E6E /* AppDelegate.swift in Sources */,
			);
			runOnlyForDeploymentPostprocessing = 0;
		};
		57FFA18C1E47C6CE006F3E6E /* Sources */ = {
			isa = PBXSourcesBuildPhase;
			buildActionMask = 2147483647;
			files = (
				57FFA1951E47C6CE006F3E6E /* HarmonizeMeAppTests.swift in Sources */,
			);
			runOnlyForDeploymentPostprocessing = 0;
		};
		57FFA1971E47C6CE006F3E6E /* Sources */ = {
			isa = PBXSourcesBuildPhase;
			buildActionMask = 2147483647;
			files = (
				57FFA1A01E47C6CE006F3E6E /* HarmonizeMeAppUITests.swift in Sources */,
			);
			runOnlyForDeploymentPostprocessing = 0;
		};
/* End PBXSourcesBuildPhase section */

/* Begin PBXTargetDependency section */
		57FFA1921E47C6CE006F3E6E /* PBXTargetDependency */ = {
			isa = PBXTargetDependency;
			target = 57FFA17B1E47C6CE006F3E6E /* HarmonizeMeApp */;
			targetProxy = 57FFA1911E47C6CE006F3E6E /* PBXContainerItemProxy */;
		};
		57FFA19D1E47C6CE006F3E6E /* PBXTargetDependency */ = {
			isa = PBXTargetDependency;
			target = 57FFA17B1E47C6CE006F3E6E /* HarmonizeMeApp */;
			targetProxy = 57FFA19C1E47C6CE006F3E6E /* PBXContainerItemProxy */;
		};
/* End PBXTargetDependency section */

/* Begin PBXVariantGroup section */
		57FFA1831E47C6CE006F3E6E /* Main.storyboard */ = {
			isa = PBXVariantGroup;
			children = (
				57FFA1841E47C6CE006F3E6E /* Base */,
			);
			name = Main.storyboard;
			sourceTree = "<group>";
		};
		57FFA1881E47C6CE006F3E6E /* LaunchScreen.storyboard */ = {
			isa = PBXVariantGroup;
			children = (
				57FFA1891E47C6CE006F3E6E /* Base */,
			);
			name = LaunchScreen.storyboard;
			sourceTree = "<group>";
		};
/* End PBXVariantGroup section */

/* Begin XCBuildConfiguration section */
		57FFA1A21E47C6CE006F3E6E /* Debug */ = {
			isa = XCBuildConfiguration;
			buildSettings = {
				ALWAYS_SEARCH_USER_PATHS = NO;
				CLANG_ANALYZER_NONNULL = YES;
				CLANG_CXX_LANGUAGE_STANDARD = "gnu++0x";
				CLANG_CXX_LIBRARY = "libc++";
				CLANG_ENABLE_MODULES = YES;
				CLANG_ENABLE_OBJC_ARC = YES;
				CLANG_WARN_BOOL_CONVERSION = YES;
				CLANG_WARN_CONSTANT_CONVERSION = YES;
				CLANG_WARN_DIRECT_OBJC_ISA_USAGE = YES_ERROR;
				CLANG_WARN_DOCUMENTATION_COMMENTS = YES;
				CLANG_WARN_EMPTY_BODY = YES;
				CLANG_WARN_ENUM_CONVERSION = YES;
				CLANG_WARN_INFINITE_RECURSION = YES;
				CLANG_WARN_INT_CONVERSION = YES;
				CLANG_WARN_OBJC_ROOT_CLASS = YES_ERROR;
				CLANG_WARN_SUSPICIOUS_MOVE = YES;
				CLANG_WARN_UNREACHABLE_CODE = YES;
				CLANG_WARN__DUPLICATE_METHOD_MATCH = YES;
				"CODE_SIGN_IDENTITY[sdk=iphoneos*]" = "iPhone Developer";
				COPY_PHASE_STRIP = NO;
				DEBUG_INFORMATION_FORMAT = dwarf;
				ENABLE_STRICT_OBJC_MSGSEND = YES;
				ENABLE_TESTABILITY = YES;
				GCC_C_LANGUAGE_STANDARD = gnu99;
				GCC_DYNAMIC_NO_PIC = NO;
				GCC_NO_COMMON_BLOCKS = YES;
				GCC_OPTIMIZATION_LEVEL = 0;
				GCC_PREPROCESSOR_DEFINITIONS = (
					"DEBUG=1",
					"$(inherited)",
				);
				GCC_WARN_64_TO_32_BIT_CONVERSION = YES;
				GCC_WARN_ABOUT_RETURN_TYPE = YES_ERROR;
				GCC_WARN_UNDECLARED_SELECTOR = YES;
				GCC_WARN_UNINITIALIZED_AUTOS = YES_AGGRESSIVE;
				GCC_WARN_UNUSED_FUNCTION = YES;
				GCC_WARN_UNUSED_VARIABLE = YES;
				IPHONEOS_DEPLOYMENT_TARGET = 10.2;
				MTL_ENABLE_DEBUG_INFO = YES;
				ONLY_ACTIVE_ARCH = YES;
				SDKROOT = iphoneos;
				SWIFT_ACTIVE_COMPILATION_CONDITIONS = DEBUG;
				SWIFT_OPTIMIZATION_LEVEL = "-Onone";
				TARGETED_DEVICE_FAMILY = "1,2";
			};
			name = Debug;
		};
		57FFA1A31E47C6CE006F3E6E /* Release */ = {
			isa = XCBuildConfiguration;
			buildSettings = {
				ALWAYS_SEARCH_USER_PATHS = NO;
				CLANG_ANALYZER_NONNULL = YES;
				CLANG_CXX_LANGUAGE_STANDARD = "gnu++0x";
				CLANG_CXX_LIBRARY = "libc++";
				CLANG_ENABLE_MODULES = YES;
				CLANG_ENABLE_OBJC_ARC = YES;
				CLANG_WARN_BOOL_CONVERSION = YES;
				CLANG_WARN_CONSTANT_CONVERSION = YES;
				CLANG_WARN_DIRECT_OBJC_ISA_USAGE = YES_ERROR;
				CLANG_WARN_DOCUMENTATION_COMMENTS = YES;
				CLANG_WARN_EMPTY_BODY = YES;
				CLANG_WARN_ENUM_CONVERSION = YES;
				CLANG_WARN_INFINITE_RECURSION = YES;
				CLANG_WARN_INT_CONVERSION = YES;
				CLANG_WARN_OBJC_ROOT_CLASS = YES_ERROR;
				CLANG_WARN_SUSPICIOUS_MOVE = YES;
				CLANG_WARN_UNREACHABLE_CODE = YES;
				CLANG_WARN__DUPLICATE_METHOD_MATCH = YES;
				"CODE_SIGN_IDENTITY[sdk=iphoneos*]" = "iPhone Developer";
				COPY_PHASE_STRIP = NO;
				DEBUG_INFORMATION_FORMAT = "dwarf-with-dsym";
				ENABLE_NS_ASSERTIONS = NO;
				ENABLE_STRICT_OBJC_MSGSEND = YES;
				GCC_C_LANGUAGE_STANDARD = gnu99;
				GCC_NO_COMMON_BLOCKS = YES;
				GCC_WARN_64_TO_32_BIT_CONVERSION = YES;
				GCC_WARN_ABOUT_RETURN_TYPE = YES_ERROR;
				GCC_WARN_UNDECLARED_SELECTOR = YES;
				GCC_WARN_UNINITIALIZED_AUTOS = YES_AGGRESSIVE;
				GCC_WARN_UNUSED_FUNCTION = YES;
				GCC_WARN_UNUSED_VARIABLE = YES;
				IPHONEOS_DEPLOYMENT_TARGET = 10.2;
				MTL_ENABLE_DEBUG_INFO = NO;
				SDKROOT = iphoneos;
				SWIFT_OPTIMIZATION_LEVEL = "-Owholemodule";
				TARGETED_DEVICE_FAMILY = "1,2";
				VALIDATE_PRODUCT = YES;
			};
			name = Release;
		};
		57FFA1A51E47C6CE006F3E6E /* Debug */ = {
			isa = XCBuildConfiguration;
			buildSettings = {
				ASSETCATALOG_COMPILER_APPICON_NAME = AppIcon;
				DEVELOPMENT_TEAM = J6QPQ6HS25;
				FRAMEWORK_SEARCH_PATHS = (
					"$(inherited)",
					"$(PROJECT_DIR)",
				);
				INFOPLIST_FILE = HarmonizeMeApp/Info.plist;
				LD_RUNPATH_SEARCH_PATHS = "$(inherited) @executable_path/Frameworks";
				PRODUCT_BUNDLE_IDENTIFIER = com.example.HarmonizeMeApp;
				PRODUCT_NAME = "$(TARGET_NAME)";
				SWIFT_VERSION = 3.0;
			};
			name = Debug;
		};
		57FFA1A61E47C6CE006F3E6E /* Release */ = {
			isa = XCBuildConfiguration;
			buildSettings = {
				ASSETCATALOG_COMPILER_APPICON_NAME = AppIcon;
				DEVELOPMENT_TEAM = J6QPQ6HS25;
				FRAMEWORK_SEARCH_PATHS = (
					"$(inherited)",
					"$(PROJECT_DIR)",
				);
				INFOPLIST_FILE = HarmonizeMeApp/Info.plist;
				LD_RUNPATH_SEARCH_PATHS = "$(inherited) @executable_path/Frameworks";
				PRODUCT_BUNDLE_IDENTIFIER = com.example.HarmonizeMeApp;
				PRODUCT_NAME = "$(TARGET_NAME)";
				SWIFT_VERSION = 3.0;
			};
			name = Release;
		};
		57FFA1A81E47C6CE006F3E6E /* Debug */ = {
			isa = XCBuildConfiguration;
			buildSettings = {
				ALWAYS_EMBED_SWIFT_STANDARD_LIBRARIES = YES;
				BUNDLE_LOADER = "$(TEST_HOST)";
				DEVELOPMENT_TEAM = J6QPQ6HS25;
				INFOPLIST_FILE = HarmonizeMeAppTests/Info.plist;
				LD_RUNPATH_SEARCH_PATHS = "$(inherited) @executable_path/Frameworks @loader_path/Frameworks";
				PRODUCT_BUNDLE_IDENTIFIER = com.example.HarmonizeMeAppTests;
				PRODUCT_NAME = "$(TARGET_NAME)";
				SWIFT_VERSION = 3.0;
				TEST_HOST = "$(BUILT_PRODUCTS_DIR)/HarmonizeMeApp.app/HarmonizeMeApp";
			};
			name = Debug;
		};
		57FFA1A91E47C6CE006F3E6E /* Release */ = {
			isa = XCBuildConfiguration;
			buildSettings = {
				ALWAYS_EMBED_SWIFT_STANDARD_LIBRARIES = YES;
				BUNDLE_LOADER = "$(TEST_HOST)";
				DEVELOPMENT_TEAM = J6QPQ6HS25;
				INFOPLIST_FILE = HarmonizeMeAppTests/Info.plist;
				LD_RUNPATH_SEARCH_PATHS = "$(inherited) @executable_path/Frameworks @loader_path/Frameworks";
				PRODUCT_BUNDLE_IDENTIFIER = com.example.HarmonizeMeAppTests;
				PRODUCT_NAME = "$(TARGET_NAME)";
				SWIFT_VERSION = 3.0;
				TEST_HOST = "$(BUILT_PRODUCTS_DIR)/HarmonizeMeApp.app/HarmonizeMeApp";
			};
			name = Release;
		};
		57FFA1AB1E47C6CE006F3E6E /* Debug */ = {
			isa = XCBuildConfiguration;
			buildSettings = {
				ALWAYS_EMBED_SWIFT_STANDARD_LIBRARIES = YES;
				DEVELOPMENT_TEAM = J6QPQ6HS25;
				INFOPLIST_FILE = HarmonizeMeAppUITests/Info.plist;
				LD_RUNPATH_SEARCH_PATHS = "$(inherited) @executable_path/Frameworks @loader_path/Frameworks";
				PRODUCT_BUNDLE_IDENTIFIER = com.example.HarmonizeMeAppUITests;
				PRODUCT_NAME = "$(TARGET_NAME)";
				SWIFT_VERSION = 3.0;
				TEST_TARGET_NAME = HarmonizeMeApp;
			};
			name = Debug;
		};
		57FFA1AC1E47C6CE006F3E6E /* Release */ = {
			isa = XCBuildConfiguration;
			buildSettings = {
				ALWAYS_EMBED_SWIFT_STANDARD_LIBRARIES = YES;
				DEVELOPMENT_TEAM = J6QPQ6HS25;
				INFOPLIST_FILE = HarmonizeMeAppUITests/Info.plist;
				LD_RUNPATH_SEARCH_PATHS = "$(inherited) @executable_path/Frameworks @loader_path/Frameworks";
				PRODUCT_BUNDLE_IDENTIFIER = com.example.HarmonizeMeAppUITests;
				PRODUCT_NAME = "$(TARGET_NAME)";
				SWIFT_VERSION = 3.0;
				TEST_TARGET_NAME = HarmonizeMeApp;
			};
			name = Release;
		};
/* End XCBuildConfiguration section */

/* Begin XCConfigurationList section */
		57FFA1771E47C6CE006F3E6E /* Build configuration list for PBXProject "HarmonizeMeApp" */ = {
			isa = XCConfigurationList;
			buildConfigurations = (
				57FFA1A21E47C6CE006F3E6E /* Debug */,
				57FFA1A31E47C6CE006F3E6E /* Release */,
			);
			defaultConfigurationIsVisible = 0;
			defaultConfigurationName = Release;
		};
		57FFA1A41E47C6CE006F3E6E /* Build configuration list for PBXNativeTarget "HarmonizeMeApp" */ = {
			isa = XCConfigurationList;
			buildConfigurations = (
				57FFA1A51E47C6CE006F3E6E /* Debug */,
				57FFA1A61E47C6CE006F3E6E /* Release */,
			);
			defaultConfigurationIsVisible = 0;
			defaultConfigurationName = Release;
		};
		57FFA1A71E47C6CE006F3E6E /* Build configuration list for PBXNativeTarget "HarmonizeMeAppTests" */ = {
			isa = XCConfigurationList;
			buildConfigurations = (
				57FFA1A81E47C6CE006F3E6E /* Debug */,
				57FFA1A91E47C6CE006F3E6E /* Release */,
			);
			defaultConfigurationIsVisible = 0;
			defaultConfigurationName = Release;
		};
		57FFA1AA1E47C6CE006F3E6E /* Build configuration list for PBXNativeTarget "HarmonizeMeAppUITests" */ = {
			isa = XCConfigurationList;
			buildConfigurations = (
				57FFA1AB1E47C6CE006F3E6E /* Debug */,
				57FFA1AC1E47C6CE006F3E6E /* Release */,
			);
			defaultConfigurationIsVisible = 0;
			defaultConfigurationName = Release;
		};
/* End XCConfigurationList section */
	};
	rootObject = 57FFA1741E47C6CE006F3E6E /* Project object */;
}
